{
  "object": {
    "pins": [
      {
        "package": "ToastSwiftUI",
        "repositoryURL": "https://github.com/huynguyencong/ToastSwiftUI.git",
        "state": {
          "branch": null,
          "revision": "d1a4cc0d3f2f5616775a72c6e736b2a811f1affc",
          "version": "0.3.2"
        }
      },
      {
        "package": "WrappingHStack",
        "repositoryURL": "https://github.com/dkk/WrappingHStack",
        "state": {
          "branch": null,
          "revision": "8ad45ec818edfd59a63640b8d7df96df3c8a1c47",
          "version": "2.1.2"
        }
      }
    ]
  },
  "version": 1
}
