// !$*UTF8*$!
{
	archiveVersion = 1;
	classes = {
	};
	objectVersion = 52;
	objects = {

/* Begin PBXBuildFile section */
		98646F22162DB46FCCE30921 /* Pods_PIGTests.framework in Frameworks */ = {isa = PBXBuildFile; fileRef = BC805EEEDD60AEEF16CD2B6F /* Pods_PIGTests.framework */; };
		BD7551FA1A9C270C5DC7096D /* Pods_PIG.framework in Frameworks */ = {isa = PBXBuildFile; fileRef = 64308C33C430E64E18516C8D /* Pods_PIG.framework */; };
		D601C13E26541F8B0050BE7D /* BarGraphView.swift in Sources */ = {isa = PBXBuildFile; fileRef = D601C13D26541F8B0050BE7D /* BarGraphView.swift */; };
		D60773B126AABE1100029C3D /* CSVHandler.swift in Sources */ = {isa = PBXBuildFile; fileRef = D60773B026AABE1100029C3D /* CSVHandler.swift */; };
		D60DC0DD26B1A49D0041D82D /* CollectionExtensions.swift in Sources */ = {isa = PBXBuildFile; fileRef = D60DC0DC26B1A49D0041D82D /* CollectionExtensions.swift */; };
		D60DC0DF26B1A4C90041D82D /* MapExtensions.swift in Sources */ = {isa = PBXBuildFile; fileRef = D60DC0DE26B1A4C90041D82D /* MapExtensions.swift */; };
		D60DC0E126B1A50F0041D82D /* DateTimeExtensions.swift in Sources */ = {isa = PBXBuildFile; fileRef = D60DC0E026B1A50F0041D82D /* DateTimeExtensions.swift */; };
		D60DC0E326B1A8380041D82D /* SequenceExtension.swift in Sources */ = {isa = PBXBuildFile; fileRef = D60DC0E226B1A8380041D82D /* SequenceExtension.swift */; };
		D60DC0E526B1A8580041D82D /* UIImageExtension.swift in Sources */ = {isa = PBXBuildFile; fileRef = D60DC0E426B1A8580041D82D /* UIImageExtension.swift */; };
		D60DC0EB26B1ABD40041D82D /* MobileNetV2.mlmodel in Sources */ = {isa = PBXBuildFile; fileRef = D60DC0E726B1A8990041D82D /* MobileNetV2.mlmodel */; };
		D60DC0ED26B1AC610041D82D /* SafeArray.swift in Sources */ = {isa = PBXBuildFile; fileRef = D60DC0EC26B1AC610041D82D /* SafeArray.swift */; };
		D60DC0EF26B1AC9E0041D82D /* FirebaseHandler.swift in Sources */ = {isa = PBXBuildFile; fileRef = D60DC0EE26B1AC9E0041D82D /* FirebaseHandler.swift */; };
		D60DC0F126B1C6550041D82D /* Pledge.swift in Sources */ = {isa = PBXBuildFile; fileRef = D60DC0F026B1C6550041D82D /* Pledge.swift */; };
		D60DC0F326B1C6A60041D82D /* Places.swift in Sources */ = {isa = PBXBuildFile; fileRef = D60DC0F226B1C6A60041D82D /* Places.swift */; };
		D60DC0F626B1C7230041D82D /* ErrorView.swift in Sources */ = {isa = PBXBuildFile; fileRef = D60DC0F526B1C7230041D82D /* ErrorView.swift */; };
		D60DC0F826B1C7420041D82D /* SignUpView.swift in Sources */ = {isa = PBXBuildFile; fileRef = D60DC0F726B1C7420041D82D /* SignUpView.swift */; };
		D60DC0FA26B1C76E0041D82D /* SignInView.swift in Sources */ = {isa = PBXBuildFile; fileRef = D60DC0F926B1C76E0041D82D /* SignInView.swift */; };
		D60DC0FD26B1C7BB0041D82D /* AppViewModel.swift in Sources */ = {isa = PBXBuildFile; fileRef = D60DC0FC26B1C7BB0041D82D /* AppViewModel.swift */; };
		D60DC0FF26B1CC310041D82D /* Chimney.swift in Sources */ = {isa = PBXBuildFile; fileRef = D60DC0FE26B1CC310041D82D /* Chimney.swift */; };
		D60DC10126B1CC400041D82D /* Report.swift in Sources */ = {isa = PBXBuildFile; fileRef = D60DC10026B1CC400041D82D /* Report.swift */; };
		D60DC10326B1FF000041D82D /* UserData.swift in Sources */ = {isa = PBXBuildFile; fileRef = D60DC10226B1FF000041D82D /* UserData.swift */; };
		D60DC10526B205E40041D82D /* CoordinatorModel.swift in Sources */ = {isa = PBXBuildFile; fileRef = D60DC10426B205E40041D82D /* CoordinatorModel.swift */; };
		D60DC10726B206360041D82D /* ChartDataModel.swift in Sources */ = {isa = PBXBuildFile; fileRef = D60DC10626B206360041D82D /* ChartDataModel.swift */; };
		D60DC10926B206680041D82D /* CameraModel.swift in Sources */ = {isa = PBXBuildFile; fileRef = D60DC10826B206680041D82D /* CameraModel.swift */; };
		D612F6292659478700914C0E /* WrappingHStack in Frameworks */ = {isa = PBXBuildFile; productRef = D612F6282659478700914C0E /* WrappingHStack */; };
		D623872726B5B09A003A8207 /* CarbonFootprintModel.swift in Sources */ = {isa = PBXBuildFile; fileRef = D623872626B5B09A003A8207 /* CarbonFootprintModel.swift */; };
		D62EC05B26BDD36200D8416F /* GoogleService-Info.plist in Resources */ = {isa = PBXBuildFile; fileRef = D62EC05A26BDD36200D8416F /* GoogleService-Info.plist */; };
		D62F78ED26D3DFCA00615F19 /* ChartCellModel.swift in Sources */ = {isa = PBXBuildFile; fileRef = D62F78EC26D3DFCA00615F19 /* ChartCellModel.swift */; };
		D6440A63265AA9BD0023F889 /* ImproveView.swift in Sources */ = {isa = PBXBuildFile; fileRef = D6440A62265AA9BD0023F889 /* ImproveView.swift */; };
		D64DB1C72652BE5E00D6FA4D /* StatsView.swift in Sources */ = {isa = PBXBuildFile; fileRef = D64DB1C62652BE5E00D6FA4D /* StatsView.swift */; };
		D6523D8726614DF1005A83D6 /* TipsView.swift in Sources */ = {isa = PBXBuildFile; fileRef = D6523D8626614DF1005A83D6 /* TipsView.swift */; };
		D657445B2697B0A200CC4916 /* MyAnnotation.swift in Sources */ = {isa = PBXBuildFile; fileRef = D657445A2697B0A200CC4916 /* MyAnnotation.swift */; };
		D659E7FC266D674F0038A086 /* PledgeConfirmation.swift in Sources */ = {isa = PBXBuildFile; fileRef = D659E7FB266D674F0038A086 /* PledgeConfirmation.swift */; };
		D659E819266E91100038A086 /* PledgesInProgress.swift in Sources */ = {isa = PBXBuildFile; fileRef = D659E818266E910F0038A086 /* PledgesInProgress.swift */; };
		D65A723326B742DD00C60F7D /* SelectFootprint.swift in Sources */ = {isa = PBXBuildFile; fileRef = D65A723226B742DD00C60F7D /* SelectFootprint.swift */; };
		D65C360826861CC0003A504F /* AdditionalPledgesView.swift in Sources */ = {isa = PBXBuildFile; fileRef = D65C360726861CC0003A504F /* AdditionalPledgesView.swift */; };
		D65C360D26866F10003A504F /* TrackPledges.swift in Sources */ = {isa = PBXBuildFile; fileRef = D65C360C26866F10003A504F /* TrackPledges.swift */; };
		D65C3612268677EB003A504F /* PledgeUpdate.swift in Sources */ = {isa = PBXBuildFile; fileRef = D65C3611268677EB003A504F /* PledgeUpdate.swift */; };
		D665D797268DF9A40021156A /* StreaksView.swift in Sources */ = {isa = PBXBuildFile; fileRef = D665D796268DF9A40021156A /* StreaksView.swift */; };
		D665D79D268E171E0021156A /* MapView.swift in Sources */ = {isa = PBXBuildFile; fileRef = D665D79C268E171E0021156A /* MapView.swift */; };
		D665D7AA268E1BC30021156A /* LocationExtensions.swift in Sources */ = {isa = PBXBuildFile; fileRef = D665D7A9268E1BC30021156A /* LocationExtensions.swift */; };
		D665D7AC268E4FA10021156A /* Place.swift in Sources */ = {isa = PBXBuildFile; fileRef = D665D7AB268E4FA10021156A /* Place.swift */; };
		D665D7AE268EADC40021156A /* MapViewModel.swift in Sources */ = {isa = PBXBuildFile; fileRef = D665D7AD268EADC40021156A /* MapViewModel.swift */; };
		D665D7B0268EAE410021156A /* MapShower.swift in Sources */ = {isa = PBXBuildFile; fileRef = D665D7AF268EAE410021156A /* MapShower.swift */; };
		D6770F1C269EE8F400E3D646 /* CameraView.swift in Sources */ = {isa = PBXBuildFile; fileRef = D6770F1B269EE8F400E3D646 /* CameraView.swift */; };
		D6770F20269F9AD400E3D646 /* ComputerVision.swift in Sources */ = {isa = PBXBuildFile; fileRef = D6770F1F269F9AD400E3D646 /* ComputerVision.swift */; };
		D68366DD2655557000648C1B /* ToggleView.swift in Sources */ = {isa = PBXBuildFile; fileRef = D68366DC2655557000648C1B /* ToggleView.swift */; };
		D68DCAD8266AA64600AA9116 /* PledgesView.swift in Sources */ = {isa = PBXBuildFile; fileRef = D68DCAD7266AA64600AA9116 /* PledgesView.swift */; };
		D69C7AA4265801E500D209DB /* DoughnutView.swift in Sources */ = {isa = PBXBuildFile; fileRef = D69C7AA3265801E500D209DB /* DoughnutView.swift */; };
		D69C7AA92658099B00D209DB /* StatsDataController.swift in Sources */ = {isa = PBXBuildFile; fileRef = D69C7AA82658099B00D209DB /* StatsDataController.swift */; };
		D69C7AAE26592F3E00D209DB /* NumberEarthsView.swift in Sources */ = {isa = PBXBuildFile; fileRef = D69C7AAD26592F3E00D209DB /* NumberEarthsView.swift */; };
		D6AE5B3D266FFB5D002AF0BE /* ToastSwiftUI in Frameworks */ = {isa = PBXBuildFile; productRef = D6AE5B3C266FFB5D002AF0BE /* ToastSwiftUI */; };
		D6DC2C7B264D2E9D008C6A72 /* PIGApp.swift in Sources */ = {isa = PBXBuildFile; fileRef = D6DC2C7A264D2E9D008C6A72 /* PIGApp.swift */; };
		D6DC2C7D264D2E9D008C6A72 /* ContentView.swift in Sources */ = {isa = PBXBuildFile; fileRef = D6DC2C7C264D2E9D008C6A72 /* ContentView.swift */; };
		D6DC2C7F264D2EA3008C6A72 /* Assets.xcassets in Resources */ = {isa = PBXBuildFile; fileRef = D6DC2C7E264D2EA3008C6A72 /* Assets.xcassets */; };
		D6DC2C82264D2EA3008C6A72 /* Preview Assets.xcassets in Resources */ = {isa = PBXBuildFile; fileRef = D6DC2C81264D2EA3008C6A72 /* Preview Assets.xcassets */; };
		D6DC2C8D264D2EA3008C6A72 /* PIGTests.swift in Sources */ = {isa = PBXBuildFile; fileRef = D6DC2C8C264D2EA3008C6A72 /* PIGTests.swift */; };
		D6DC2C98264D2EA3008C6A72 /* PIGUITests.swift in Sources */ = {isa = PBXBuildFile; fileRef = D6DC2C97264D2EA3008C6A72 /* PIGUITests.swift */; };
		D6DD127B269638CB00AEB590 /* Recycling.swift in Sources */ = {isa = PBXBuildFile; fileRef = D6DD127A269638CB00AEB590 /* Recycling.swift */; };
		D6EF45B2268B625B00F56D73 /* synthesisedDataEncrypted.txt in Resources */ = {isa = PBXBuildFile; fileRef = D6EF45B1268B625B00F56D73 /* synthesisedDataEncrypted.txt */; };
		F43592CEDF5A50EA5BAD0195 /* Pods_PIG_PIGUITests.framework in Frameworks */ = {isa = PBXBuildFile; fileRef = 674FED44252C681CD844B501 /* Pods_PIG_PIGUITests.framework */; };
/* End PBXBuildFile section */

/* Begin PBXContainerItemProxy section */
		D6DC2C89264D2EA3008C6A72 /* PBXContainerItemProxy */ = {
			isa = PBXContainerItemProxy;
			containerPortal = D6DC2C6F264D2E9D008C6A72 /* Project object */;
			proxyType = 1;
			remoteGlobalIDString = D6DC2C76264D2E9D008C6A72;
			remoteInfo = PIG;
		};
		D6DC2C94264D2EA3008C6A72 /* PBXContainerItemProxy */ = {
			isa = PBXContainerItemProxy;
			containerPortal = D6DC2C6F264D2E9D008C6A72 /* Project object */;
			proxyType = 1;
			remoteGlobalIDString = D6DC2C76264D2E9D008C6A72;
			remoteInfo = PIG;
		};
/* End PBXContainerItemProxy section */

/* Begin PBXFileReference section */
		1280C80DC5F0642F3447144F /* Pods-PIG.release.xcconfig */ = {isa = PBXFileReference; includeInIndex = 1; lastKnownFileType = text.xcconfig; name = "Pods-PIG.release.xcconfig"; path = "Target Support Files/Pods-PIG/Pods-PIG.release.xcconfig"; sourceTree = "<group>"; };
		22F68E980BF1C9EAD34A1E6F /* Pods-PIG-PIGUITests.release.xcconfig */ = {isa = PBXFileReference; includeInIndex = 1; lastKnownFileType = text.xcconfig; name = "Pods-PIG-PIGUITests.release.xcconfig"; path = "Target Support Files/Pods-PIG-PIGUITests/Pods-PIG-PIGUITests.release.xcconfig"; sourceTree = "<group>"; };
		64308C33C430E64E18516C8D /* Pods_PIG.framework */ = {isa = PBXFileReference; explicitFileType = wrapper.framework; includeInIndex = 0; path = Pods_PIG.framework; sourceTree = BUILT_PRODUCTS_DIR; };
		674FED44252C681CD844B501 /* Pods_PIG_PIGUITests.framework */ = {isa = PBXFileReference; explicitFileType = wrapper.framework; includeInIndex = 0; path = Pods_PIG_PIGUITests.framework; sourceTree = BUILT_PRODUCTS_DIR; };
		81DF2723AF073ADE8F3D9F85 /* Pods-PIGTests.release.xcconfig */ = {isa = PBXFileReference; includeInIndex = 1; lastKnownFileType = text.xcconfig; name = "Pods-PIGTests.release.xcconfig"; path = "Target Support Files/Pods-PIGTests/Pods-PIGTests.release.xcconfig"; sourceTree = "<group>"; };
		90DA05F5D2AF6E4A5A9A764C /* Pods-PIGTests.debug.xcconfig */ = {isa = PBXFileReference; includeInIndex = 1; lastKnownFileType = text.xcconfig; name = "Pods-PIGTests.debug.xcconfig"; path = "Target Support Files/Pods-PIGTests/Pods-PIGTests.debug.xcconfig"; sourceTree = "<group>"; };
		BC805EEEDD60AEEF16CD2B6F /* Pods_PIGTests.framework */ = {isa = PBXFileReference; explicitFileType = wrapper.framework; includeInIndex = 0; path = Pods_PIGTests.framework; sourceTree = BUILT_PRODUCTS_DIR; };
		D4AC5E1A68A5A1B6CFD0A6FD /* Pods-PIG.debug.xcconfig */ = {isa = PBXFileReference; includeInIndex = 1; lastKnownFileType = text.xcconfig; name = "Pods-PIG.debug.xcconfig"; path = "Target Support Files/Pods-PIG/Pods-PIG.debug.xcconfig"; sourceTree = "<group>"; };
		D601C13D26541F8B0050BE7D /* BarGraphView.swift */ = {isa = PBXFileReference; lastKnownFileType = sourcecode.swift; path = BarGraphView.swift; sourceTree = "<group>"; };
		D60773AE26A9EA4C00029C3D /* GoogleService-Info.plist */ = {isa = PBXFileReference; fileEncoding = 4; lastKnownFileType = text.plist.xml; name = "GoogleService-Info.plist"; path = "../../../../Downloads/GoogleService-Info.plist"; sourceTree = "<group>"; };
		D60773B026AABE1100029C3D /* CSVHandler.swift */ = {isa = PBXFileReference; lastKnownFileType = sourcecode.swift; path = CSVHandler.swift; sourceTree = "<group>"; };
		D60DC0DC26B1A49D0041D82D /* CollectionExtensions.swift */ = {isa = PBXFileReference; lastKnownFileType = sourcecode.swift; path = CollectionExtensions.swift; sourceTree = "<group>"; };
		D60DC0DE26B1A4C90041D82D /* MapExtensions.swift */ = {isa = PBXFileReference; lastKnownFileType = sourcecode.swift; path = MapExtensions.swift; sourceTree = "<group>"; };
		D60DC0E026B1A50F0041D82D /* DateTimeExtensions.swift */ = {isa = PBXFileReference; lastKnownFileType = sourcecode.swift; path = DateTimeExtensions.swift; sourceTree = "<group>"; };
		D60DC0E226B1A8380041D82D /* SequenceExtension.swift */ = {isa = PBXFileReference; lastKnownFileType = sourcecode.swift; path = SequenceExtension.swift; sourceTree = "<group>"; };
		D60DC0E426B1A8580041D82D /* UIImageExtension.swift */ = {isa = PBXFileReference; lastKnownFileType = sourcecode.swift; path = UIImageExtension.swift; sourceTree = "<group>"; };
		D60DC0E726B1A8990041D82D /* MobileNetV2.mlmodel */ = {isa = PBXFileReference; lastKnownFileType = file.mlmodel; path = MobileNetV2.mlmodel; sourceTree = "<group>"; };
		D60DC0EC26B1AC610041D82D /* SafeArray.swift */ = {isa = PBXFileReference; lastKnownFileType = sourcecode.swift; path = SafeArray.swift; sourceTree = "<group>"; };
		D60DC0EE26B1AC9E0041D82D /* FirebaseHandler.swift */ = {isa = PBXFileReference; lastKnownFileType = sourcecode.swift; name = FirebaseHandler.swift; path = PIG/DataStructures/FirebaseHandler.swift; sourceTree = SOURCE_ROOT; };
		D60DC0F026B1C6550041D82D /* Pledge.swift */ = {isa = PBXFileReference; lastKnownFileType = sourcecode.swift; path = Pledge.swift; sourceTree = "<group>"; };
		D60DC0F226B1C6A60041D82D /* Places.swift */ = {isa = PBXFileReference; lastKnownFileType = sourcecode.swift; path = Places.swift; sourceTree = "<group>"; };
		D60DC0F526B1C7230041D82D /* ErrorView.swift */ = {isa = PBXFileReference; lastKnownFileType = sourcecode.swift; path = ErrorView.swift; sourceTree = "<group>"; };
		D60DC0F726B1C7420041D82D /* SignUpView.swift */ = {isa = PBXFileReference; lastKnownFileType = sourcecode.swift; path = SignUpView.swift; sourceTree = "<group>"; };
		D60DC0F926B1C76E0041D82D /* SignInView.swift */ = {isa = PBXFileReference; lastKnownFileType = sourcecode.swift; path = SignInView.swift; sourceTree = "<group>"; };
		D60DC0FC26B1C7BB0041D82D /* AppViewModel.swift */ = {isa = PBXFileReference; lastKnownFileType = sourcecode.swift; path = AppViewModel.swift; sourceTree = "<group>"; };
		D60DC0FE26B1CC310041D82D /* Chimney.swift */ = {isa = PBXFileReference; lastKnownFileType = sourcecode.swift; path = Chimney.swift; sourceTree = "<group>"; };
		D60DC10026B1CC400041D82D /* Report.swift */ = {isa = PBXFileReference; lastKnownFileType = sourcecode.swift; path = Report.swift; sourceTree = "<group>"; };
		D60DC10226B1FF000041D82D /* UserData.swift */ = {isa = PBXFileReference; lastKnownFileType = sourcecode.swift; path = UserData.swift; sourceTree = "<group>"; };
		D60DC10426B205E40041D82D /* CoordinatorModel.swift */ = {isa = PBXFileReference; lastKnownFileType = sourcecode.swift; path = CoordinatorModel.swift; sourceTree = "<group>"; };
		D60DC10626B206360041D82D /* ChartDataModel.swift */ = {isa = PBXFileReference; lastKnownFileType = sourcecode.swift; path = ChartDataModel.swift; sourceTree = "<group>"; };
		D60DC10826B206680041D82D /* CameraModel.swift */ = {isa = PBXFileReference; lastKnownFileType = sourcecode.swift; path = CameraModel.swift; sourceTree = "<group>"; };
		D623872626B5B09A003A8207 /* CarbonFootprintModel.swift */ = {isa = PBXFileReference; lastKnownFileType = sourcecode.swift; path = CarbonFootprintModel.swift; sourceTree = "<group>"; };
		D62EC05A26BDD36200D8416F /* GoogleService-Info.plist */ = {isa = PBXFileReference; fileEncoding = 4; lastKnownFileType = text.plist.xml; path = "GoogleService-Info.plist"; sourceTree = "<group>"; };
		D62F78EC26D3DFCA00615F19 /* ChartCellModel.swift */ = {isa = PBXFileReference; lastKnownFileType = sourcecode.swift; path = ChartCellModel.swift; sourceTree = "<group>"; };
		D6440A62265AA9BD0023F889 /* ImproveView.swift */ = {isa = PBXFileReference; lastKnownFileType = sourcecode.swift; path = ImproveView.swift; sourceTree = "<group>"; };
		D64DB1C62652BE5E00D6FA4D /* StatsView.swift */ = {isa = PBXFileReference; lastKnownFileType = sourcecode.swift; path = StatsView.swift; sourceTree = "<group>"; };
		D6523D8626614DF1005A83D6 /* TipsView.swift */ = {isa = PBXFileReference; lastKnownFileType = sourcecode.swift; path = TipsView.swift; sourceTree = "<group>"; };
		D657445A2697B0A200CC4916 /* MyAnnotation.swift */ = {isa = PBXFileReference; lastKnownFileType = sourcecode.swift; path = MyAnnotation.swift; sourceTree = "<group>"; };
		D659E7FB266D674F0038A086 /* PledgeConfirmation.swift */ = {isa = PBXFileReference; lastKnownFileType = sourcecode.swift; path = PledgeConfirmation.swift; sourceTree = "<group>"; };
		D659E818266E910F0038A086 /* PledgesInProgress.swift */ = {isa = PBXFileReference; lastKnownFileType = sourcecode.swift; path = PledgesInProgress.swift; sourceTree = "<group>"; };
		D65A723226B742DD00C60F7D /* SelectFootprint.swift */ = {isa = PBXFileReference; lastKnownFileType = sourcecode.swift; path = SelectFootprint.swift; sourceTree = "<group>"; };
		D65C360726861CC0003A504F /* AdditionalPledgesView.swift */ = {isa = PBXFileReference; lastKnownFileType = sourcecode.swift; path = AdditionalPledgesView.swift; sourceTree = "<group>"; };
		D65C360C26866F10003A504F /* TrackPledges.swift */ = {isa = PBXFileReference; lastKnownFileType = sourcecode.swift; path = TrackPledges.swift; sourceTree = "<group>"; };
		D65C3611268677EB003A504F /* PledgeUpdate.swift */ = {isa = PBXFileReference; lastKnownFileType = sourcecode.swift; path = PledgeUpdate.swift; sourceTree = "<group>"; };
		D665D796268DF9A40021156A /* StreaksView.swift */ = {isa = PBXFileReference; lastKnownFileType = sourcecode.swift; path = StreaksView.swift; sourceTree = "<group>"; };
		D665D79C268E171E0021156A /* MapView.swift */ = {isa = PBXFileReference; lastKnownFileType = sourcecode.swift; path = MapView.swift; sourceTree = "<group>"; };
		D665D7A9268E1BC30021156A /* LocationExtensions.swift */ = {isa = PBXFileReference; lastKnownFileType = sourcecode.swift; path = LocationExtensions.swift; sourceTree = "<group>"; };
		D665D7AB268E4FA10021156A /* Place.swift */ = {isa = PBXFileReference; lastKnownFileType = sourcecode.swift; path = Place.swift; sourceTree = "<group>"; };
		D665D7AD268EADC40021156A /* MapViewModel.swift */ = {isa = PBXFileReference; lastKnownFileType = sourcecode.swift; path = MapViewModel.swift; sourceTree = "<group>"; };
		D665D7AF268EAE410021156A /* MapShower.swift */ = {isa = PBXFileReference; lastKnownFileType = sourcecode.swift; path = MapShower.swift; sourceTree = "<group>"; };
		D665D807268FB8710021156A /* SimulatedLocations.gpx */ = {isa = PBXFileReference; lastKnownFileType = text.xml; path = SimulatedLocations.gpx; sourceTree = "<group>"; };
		D6770F1B269EE8F400E3D646 /* CameraView.swift */ = {isa = PBXFileReference; lastKnownFileType = sourcecode.swift; path = CameraView.swift; sourceTree = "<group>"; };
		D6770F1F269F9AD400E3D646 /* ComputerVision.swift */ = {isa = PBXFileReference; lastKnownFileType = sourcecode.swift; path = ComputerVision.swift; sourceTree = "<group>"; };
		D68366DC2655557000648C1B /* ToggleView.swift */ = {isa = PBXFileReference; lastKnownFileType = sourcecode.swift; path = ToggleView.swift; sourceTree = "<group>"; };
		D68DCAD7266AA64600AA9116 /* PledgesView.swift */ = {isa = PBXFileReference; lastKnownFileType = sourcecode.swift; path = PledgesView.swift; sourceTree = "<group>"; };
		D69C7AA3265801E500D209DB /* DoughnutView.swift */ = {isa = PBXFileReference; lastKnownFileType = sourcecode.swift; path = DoughnutView.swift; sourceTree = "<group>"; };
		D69C7AA82658099B00D209DB /* StatsDataController.swift */ = {isa = PBXFileReference; lastKnownFileType = sourcecode.swift; path = StatsDataController.swift; sourceTree = "<group>"; };
		D69C7AAD26592F3E00D209DB /* NumberEarthsView.swift */ = {isa = PBXFileReference; lastKnownFileType = sourcecode.swift; path = NumberEarthsView.swift; sourceTree = "<group>"; };
		D6DC2C77264D2E9D008C6A72 /* PIG.app */ = {isa = PBXFileReference; explicitFileType = wrapper.application; includeInIndex = 0; path = PIG.app; sourceTree = BUILT_PRODUCTS_DIR; };
		D6DC2C7A264D2E9D008C6A72 /* PIGApp.swift */ = {isa = PBXFileReference; lastKnownFileType = sourcecode.swift; path = PIGApp.swift; sourceTree = "<group>"; };
		D6DC2C7C264D2E9D008C6A72 /* ContentView.swift */ = {isa = PBXFileReference; lastKnownFileType = sourcecode.swift; path = ContentView.swift; sourceTree = "<group>"; };
		D6DC2C7E264D2EA3008C6A72 /* Assets.xcassets */ = {isa = PBXFileReference; lastKnownFileType = folder.assetcatalog; path = Assets.xcassets; sourceTree = "<group>"; };
		D6DC2C81264D2EA3008C6A72 /* Preview Assets.xcassets */ = {isa = PBXFileReference; lastKnownFileType = folder.assetcatalog; path = "Preview Assets.xcassets"; sourceTree = "<group>"; };
		D6DC2C83264D2EA3008C6A72 /* Info.plist */ = {isa = PBXFileReference; lastKnownFileType = text.plist.xml; path = Info.plist; sourceTree = "<group>"; };
		D6DC2C88264D2EA3008C6A72 /* PIGTests.xctest */ = {isa = PBXFileReference; explicitFileType = wrapper.cfbundle; includeInIndex = 0; path = PIGTests.xctest; sourceTree = BUILT_PRODUCTS_DIR; };
		D6DC2C8C264D2EA3008C6A72 /* PIGTests.swift */ = {isa = PBXFileReference; lastKnownFileType = sourcecode.swift; path = PIGTests.swift; sourceTree = "<group>"; };
		D6DC2C8E264D2EA3008C6A72 /* Info.plist */ = {isa = PBXFileReference; lastKnownFileType = text.plist.xml; path = Info.plist; sourceTree = "<group>"; };
		D6DC2C93264D2EA3008C6A72 /* PIGUITests.xctest */ = {isa = PBXFileReference; explicitFileType = wrapper.cfbundle; includeInIndex = 0; path = PIGUITests.xctest; sourceTree = BUILT_PRODUCTS_DIR; };
		D6DC2C97264D2EA3008C6A72 /* PIGUITests.swift */ = {isa = PBXFileReference; lastKnownFileType = sourcecode.swift; path = PIGUITests.swift; sourceTree = "<group>"; };
		D6DC2C99264D2EA4008C6A72 /* Info.plist */ = {isa = PBXFileReference; lastKnownFileType = text.plist.xml; path = Info.plist; sourceTree = "<group>"; };
		D6DC2CC2264D34A6008C6A72 /* GoogleService-Info.plist */ = {isa = PBXFileReference; fileEncoding = 4; lastKnownFileType = text.plist.xml; name = "GoogleService-Info.plist"; path = "../../../Downloads/GoogleService-Info.plist"; sourceTree = "<group>"; };
		D6DD127A269638CB00AEB590 /* Recycling.swift */ = {isa = PBXFileReference; lastKnownFileType = sourcecode.swift; path = Recycling.swift; sourceTree = "<group>"; };
		D6EF45B1268B625B00F56D73 /* synthesisedDataEncrypted.txt */ = {isa = PBXFileReference; fileEncoding = 4; lastKnownFileType = text; path = synthesisedDataEncrypted.txt; sourceTree = "<group>"; };
		DA435D7DCF0EFB103B5BFAA8 /* Pods-PIG-PIGUITests.debug.xcconfig */ = {isa = PBXFileReference; includeInIndex = 1; lastKnownFileType = text.xcconfig; name = "Pods-PIG-PIGUITests.debug.xcconfig"; path = "Target Support Files/Pods-PIG-PIGUITests/Pods-PIG-PIGUITests.debug.xcconfig"; sourceTree = "<group>"; };
/* End PBXFileReference section */

/* Begin PBXFrameworksBuildPhase section */
		D6DC2C74264D2E9D008C6A72 /* Frameworks */ = {
			isa = PBXFrameworksBuildPhase;
			buildActionMask = 2147483647;
			files = (
				D6AE5B3D266FFB5D002AF0BE /* ToastSwiftUI in Frameworks */,
				D612F6292659478700914C0E /* WrappingHStack in Frameworks */,
				BD7551FA1A9C270C5DC7096D /* Pods_PIG.framework in Frameworks */,
			);
			runOnlyForDeploymentPostprocessing = 0;
		};
		D6DC2C85264D2EA3008C6A72 /* Frameworks */ = {
			isa = PBXFrameworksBuildPhase;
			buildActionMask = 2147483647;
			files = (
				98646F22162DB46FCCE30921 /* Pods_PIGTests.framework in Frameworks */,
			);
			runOnlyForDeploymentPostprocessing = 0;
		};
		D6DC2C90264D2EA3008C6A72 /* Frameworks */ = {
			isa = PBXFrameworksBuildPhase;
			buildActionMask = 2147483647;
			files = (
				F43592CEDF5A50EA5BAD0195 /* Pods_PIG_PIGUITests.framework in Frameworks */,
			);
			runOnlyForDeploymentPostprocessing = 0;
		};
/* End PBXFrameworksBuildPhase section */

/* Begin PBXGroup section */
		882BB0B2DA1FBA775C5C3332 /* Pods */ = {
			isa = PBXGroup;
			children = (
				D4AC5E1A68A5A1B6CFD0A6FD /* Pods-PIG.debug.xcconfig */,
				1280C80DC5F0642F3447144F /* Pods-PIG.release.xcconfig */,
				DA435D7DCF0EFB103B5BFAA8 /* Pods-PIG-PIGUITests.debug.xcconfig */,
				22F68E980BF1C9EAD34A1E6F /* Pods-PIG-PIGUITests.release.xcconfig */,
				90DA05F5D2AF6E4A5A9A764C /* Pods-PIGTests.debug.xcconfig */,
				81DF2723AF073ADE8F3D9F85 /* Pods-PIGTests.release.xcconfig */,
			);
			path = Pods;
			sourceTree = "<group>";
		};
		9AFED11F60C63E6A72FE0A3A /* Frameworks */ = {
			isa = PBXGroup;
			children = (
				64308C33C430E64E18516C8D /* Pods_PIG.framework */,
				674FED44252C681CD844B501 /* Pods_PIG_PIGUITests.framework */,
				BC805EEEDD60AEEF16CD2B6F /* Pods_PIGTests.framework */,
			);
			name = Frameworks;
			sourceTree = "<group>";
		};
		D60DC0E626B1A87C0041D82D /* DataStructures */ = {
			isa = PBXGroup;
			children = (
				D657445A2697B0A200CC4916 /* MyAnnotation.swift */,
				D665D7AB268E4FA10021156A /* Place.swift */,
				D60DC0EC26B1AC610041D82D /* SafeArray.swift */,
				D60DC0F026B1C6550041D82D /* Pledge.swift */,
				D60DC0F226B1C6A60041D82D /* Places.swift */,
				D60DC0FE26B1CC310041D82D /* Chimney.swift */,
				D60DC10026B1CC400041D82D /* Report.swift */,
				D60DC10226B1FF000041D82D /* UserData.swift */,
				D62F78EC26D3DFCA00615F19 /* ChartCellModel.swift */,
			);
			path = DataStructures;
			sourceTree = "<group>";
		};
		D60DC0F426B1C7180041D82D /* Views */ = {
			isa = PBXGroup;
			children = (
				D665D796268DF9A40021156A /* StreaksView.swift */,
				D6DC2C7C264D2E9D008C6A72 /* ContentView.swift */,
				D665D79C268E171E0021156A /* MapView.swift */,
				D665D7AF268EAE410021156A /* MapShower.swift */,
				D65C3611268677EB003A504F /* PledgeUpdate.swift */,
				D69C7AA3265801E500D209DB /* DoughnutView.swift */,
				D6DD127A269638CB00AEB590 /* Recycling.swift */,
				D60773B026AABE1100029C3D /* CSVHandler.swift */,
				D65C360C26866F10003A504F /* TrackPledges.swift */,
				D64DB1C62652BE5E00D6FA4D /* StatsView.swift */,
				D65C360726861CC0003A504F /* AdditionalPledgesView.swift */,
				D68366DC2655557000648C1B /* ToggleView.swift */,
				D69C7AAD26592F3E00D209DB /* NumberEarthsView.swift */,
				D6440A62265AA9BD0023F889 /* ImproveView.swift */,
				D6770F1B269EE8F400E3D646 /* CameraView.swift */,
				D6770F1F269F9AD400E3D646 /* ComputerVision.swift */,
				D6523D8626614DF1005A83D6 /* TipsView.swift */,
				D68DCAD7266AA64600AA9116 /* PledgesView.swift */,
				D601C13D26541F8B0050BE7D /* BarGraphView.swift */,
				D659E7FB266D674F0038A086 /* PledgeConfirmation.swift */,
				D659E818266E910F0038A086 /* PledgesInProgress.swift */,
				D60DC0F526B1C7230041D82D /* ErrorView.swift */,
				D60DC0F726B1C7420041D82D /* SignUpView.swift */,
				D60DC0F926B1C76E0041D82D /* SignInView.swift */,
				D65A723226B742DD00C60F7D /* SelectFootprint.swift */,
			);
			path = Views;
			sourceTree = "<group>";
		};
		D60DC0FB26B1C7B10041D82D /* Models */ = {
			isa = PBXGroup;
			children = (
				D665D7AD268EADC40021156A /* MapViewModel.swift */,
				D60DC0FC26B1C7BB0041D82D /* AppViewModel.swift */,
				D60DC10426B205E40041D82D /* CoordinatorModel.swift */,
				D60DC10626B206360041D82D /* ChartDataModel.swift */,
				D60DC10826B206680041D82D /* CameraModel.swift */,
				D623872626B5B09A003A8207 /* CarbonFootprintModel.swift */,
			);
			path = Models;
			sourceTree = "<group>";
		};
		D60DC10A26B209F50041D82D /* Resources */ = {
			isa = PBXGroup;
			children = (
				D6EF45B1268B625B00F56D73 /* synthesisedDataEncrypted.txt */,
				D60DC0E726B1A8990041D82D /* MobileNetV2.mlmodel */,
				D665D807268FB8710021156A /* SimulatedLocations.gpx */,
			);
			path = Resources;
			sourceTree = "<group>";
		};
		D665D7A3268E18AA0021156A /* Managers */ = {
			isa = PBXGroup;
			children = (
				D69C7AA82658099B00D209DB /* StatsDataController.swift */,
				D60DC0EE26B1AC9E0041D82D /* FirebaseHandler.swift */,
			);
			path = Managers;
			sourceTree = "<group>";
		};
		D665D7A8268E1BB30021156A /* Extensions */ = {
			isa = PBXGroup;
			children = (
				D665D7A9268E1BC30021156A /* LocationExtensions.swift */,
				D60DC0DC26B1A49D0041D82D /* CollectionExtensions.swift */,
				D60DC0DE26B1A4C90041D82D /* MapExtensions.swift */,
				D60DC0E026B1A50F0041D82D /* DateTimeExtensions.swift */,
				D60DC0E226B1A8380041D82D /* SequenceExtension.swift */,
				D60DC0E426B1A8580041D82D /* UIImageExtension.swift */,
			);
			path = Extensions;
			sourceTree = "<group>";
		};
		D6DC2C6E264D2E9C008C6A72 = {
			isa = PBXGroup;
			children = (
				D62EC05A26BDD36200D8416F /* GoogleService-Info.plist */,
				D60DC10A26B209F50041D82D /* Resources */,
				D6DC2C79264D2E9D008C6A72 /* PIG */,
				D6DC2C8B264D2EA3008C6A72 /* PIGTests */,
				D6DC2C96264D2EA3008C6A72 /* PIGUITests */,
				D6DC2C78264D2E9D008C6A72 /* Products */,
				882BB0B2DA1FBA775C5C3332 /* Pods */,
				9AFED11F60C63E6A72FE0A3A /* Frameworks */,
			);
			sourceTree = "<group>";
		};
		D6DC2C78264D2E9D008C6A72 /* Products */ = {
			isa = PBXGroup;
			children = (
				D6DC2C77264D2E9D008C6A72 /* PIG.app */,
				D6DC2C88264D2EA3008C6A72 /* PIGTests.xctest */,
				D6DC2C93264D2EA3008C6A72 /* PIGUITests.xctest */,
			);
			name = Products;
			sourceTree = "<group>";
		};
		D6DC2C79264D2E9D008C6A72 /* PIG */ = {
			isa = PBXGroup;
			children = (
				D6DC2C83264D2EA3008C6A72 /* Info.plist */,
				D60DC0FB26B1C7B10041D82D /* Models */,
				D60DC0F426B1C7180041D82D /* Views */,
				D60DC0E626B1A87C0041D82D /* DataStructures */,
				D60773AE26A9EA4C00029C3D /* GoogleService-Info.plist */,
				D665D7A8268E1BB30021156A /* Extensions */,
				D665D7A3268E18AA0021156A /* Managers */,
				D6DC2C7A264D2E9D008C6A72 /* PIGApp.swift */,
				D6DC2CC2264D34A6008C6A72 /* GoogleService-Info.plist */,
				D6DC2C7E264D2EA3008C6A72 /* Assets.xcassets */,
				D6DC2C80264D2EA3008C6A72 /* Preview Content */,
			);
			path = PIG;
			sourceTree = "<group>";
		};
		D6DC2C80264D2EA3008C6A72 /* Preview Content */ = {
			isa = PBXGroup;
			children = (
				D6DC2C81264D2EA3008C6A72 /* Preview Assets.xcassets */,
			);
			path = "Preview Content";
			sourceTree = "<group>";
		};
		D6DC2C8B264D2EA3008C6A72 /* PIGTests */ = {
			isa = PBXGroup;
			children = (
				D6DC2C8C264D2EA3008C6A72 /* PIGTests.swift */,
				D6DC2C8E264D2EA3008C6A72 /* Info.plist */,
			);
			path = PIGTests;
			sourceTree = "<group>";
		};
		D6DC2C96264D2EA3008C6A72 /* PIGUITests */ = {
			isa = PBXGroup;
			children = (
				D6DC2C97264D2EA3008C6A72 /* PIGUITests.swift */,
				D6DC2C99264D2EA4008C6A72 /* Info.plist */,
			);
			path = PIGUITests;
			sourceTree = "<group>";
		};
/* End PBXGroup section */

/* Begin PBXNativeTarget section */
		D6DC2C76264D2E9D008C6A72 /* PIG */ = {
			isa = PBXNativeTarget;
			buildConfigurationList = D6DC2C9C264D2EA4008C6A72 /* Build configuration list for PBXNativeTarget "PIG" */;
			buildPhases = (
				D6661582C6A5440007D6F955 /* [CP] Check Pods Manifest.lock */,
				D6DC2C73264D2E9D008C6A72 /* Sources */,
				D6DC2C74264D2E9D008C6A72 /* Frameworks */,
				D6DC2C75264D2E9D008C6A72 /* Resources */,
				FDEC01B2D3D4400A9A6B1871 /* [CP] Embed Pods Frameworks */,
			);
			buildRules = (
			);
			dependencies = (
			);
			name = PIG;
			packageProductDependencies = (
				D612F6282659478700914C0E /* WrappingHStack */,
				D6AE5B3C266FFB5D002AF0BE /* ToastSwiftUI */,
			);
			productName = PIG;
			productReference = D6DC2C77264D2E9D008C6A72 /* PIG.app */;
			productType = "com.apple.product-type.application";
		};
		D6DC2C87264D2EA3008C6A72 /* PIGTests */ = {
			isa = PBXNativeTarget;
			buildConfigurationList = D6DC2C9F264D2EA4008C6A72 /* Build configuration list for PBXNativeTarget "PIGTests" */;
			buildPhases = (
				48D6342C19B32C2AB889D244 /* [CP] Check Pods Manifest.lock */,
				D6DC2C84264D2EA3008C6A72 /* Sources */,
				D6DC2C85264D2EA3008C6A72 /* Frameworks */,
				D6DC2C86264D2EA3008C6A72 /* Resources */,
			);
			buildRules = (
			);
			dependencies = (
				D6DC2C8A264D2EA3008C6A72 /* PBXTargetDependency */,
			);
			name = PIGTests;
			productName = PIGTests;
			productReference = D6DC2C88264D2EA3008C6A72 /* PIGTests.xctest */;
			productType = "com.apple.product-type.bundle.unit-test";
		};
		D6DC2C92264D2EA3008C6A72 /* PIGUITests */ = {
			isa = PBXNativeTarget;
			buildConfigurationList = D6DC2CA2264D2EA4008C6A72 /* Build configuration list for PBXNativeTarget "PIGUITests" */;
			buildPhases = (
				6975F2FEB93C3CC3A240F932 /* [CP] Check Pods Manifest.lock */,
				D6DC2C8F264D2EA3008C6A72 /* Sources */,
				D6DC2C90264D2EA3008C6A72 /* Frameworks */,
				D6DC2C91264D2EA3008C6A72 /* Resources */,
				1145983925C4D7F6C3767C50 /* [CP] Embed Pods Frameworks */,
			);
			buildRules = (
			);
			dependencies = (
				D6DC2C95264D2EA3008C6A72 /* PBXTargetDependency */,
			);
			name = PIGUITests;
			productName = PIGUITests;
			productReference = D6DC2C93264D2EA3008C6A72 /* PIGUITests.xctest */;
			productType = "com.apple.product-type.bundle.ui-testing";
		};
/* End PBXNativeTarget section */

/* Begin PBXProject section */
		D6DC2C6F264D2E9D008C6A72 /* Project object */ = {
			isa = PBXProject;
			attributes = {
				KnownAssetTags = (
					New,
				);
				LastSwiftUpdateCheck = 1240;
				LastUpgradeCheck = 1240;
				TargetAttributes = {
					D6DC2C76264D2E9D008C6A72 = {
						CreatedOnToolsVersion = 12.4;
					};
					D6DC2C87264D2EA3008C6A72 = {
						CreatedOnToolsVersion = 12.4;
						TestTargetID = D6DC2C76264D2E9D008C6A72;
					};
					D6DC2C92264D2EA3008C6A72 = {
						CreatedOnToolsVersion = 12.4;
						TestTargetID = D6DC2C76264D2E9D008C6A72;
					};
				};
			};
			buildConfigurationList = D6DC2C72264D2E9D008C6A72 /* Build configuration list for PBXProject "PIG" */;
			compatibilityVersion = "Xcode 9.3";
			developmentRegion = en;
			hasScannedForEncodings = 0;
			knownRegions = (
				en,
				Base,
			);
			mainGroup = D6DC2C6E264D2E9C008C6A72;
			packageReferences = (
				D612F6272659478700914C0E /* XCRemoteSwiftPackageReference "WrappingHStack" */,
				D6AE5B3B266FFB5C002AF0BE /* XCRemoteSwiftPackageReference "ToastSwiftUI" */,
			);
			productRefGroup = D6DC2C78264D2E9D008C6A72 /* Products */;
			projectDirPath = "";
			projectRoot = "";
			targets = (
				D6DC2C76264D2E9D008C6A72 /* PIG */,
				D6DC2C87264D2EA3008C6A72 /* PIGTests */,
				D6DC2C92264D2EA3008C6A72 /* PIGUITests */,
			);
		};
/* End PBXProject section */

/* Begin PBXResourcesBuildPhase section */
		D6DC2C75264D2E9D008C6A72 /* Resources */ = {
			isa = PBXResourcesBuildPhase;
			buildActionMask = 2147483647;
			files = (
				D6DC2C82264D2EA3008C6A72 /* Preview Assets.xcassets in Resources */,
				D6EF45B2268B625B00F56D73 /* synthesisedDataEncrypted.txt in Resources */,
				D6DC2C7F264D2EA3008C6A72 /* Assets.xcassets in Resources */,
				D62EC05B26BDD36200D8416F /* GoogleService-Info.plist in Resources */,
			);
			runOnlyForDeploymentPostprocessing = 0;
		};
		D6DC2C86264D2EA3008C6A72 /* Resources */ = {
			isa = PBXResourcesBuildPhase;
			buildActionMask = 2147483647;
			files = (
			);
			runOnlyForDeploymentPostprocessing = 0;
		};
		D6DC2C91264D2EA3008C6A72 /* Resources */ = {
			isa = PBXResourcesBuildPhase;
			buildActionMask = 2147483647;
			files = (
			);
			runOnlyForDeploymentPostprocessing = 0;
		};
/* End PBXResourcesBuildPhase section */

/* Begin PBXShellScriptBuildPhase section */
		1145983925C4D7F6C3767C50 /* [CP] Embed Pods Frameworks */ = {
			isa = PBXShellScriptBuildPhase;
			buildActionMask = 2147483647;
			files = (
			);
			inputFileListPaths = (
				"${PODS_ROOT}/Target Support Files/Pods-PIG-PIGUITests/Pods-PIG-PIGUITests-frameworks-${CONFIGURATION}-input-files.xcfilelist",
			);
			name = "[CP] Embed Pods Frameworks";
			outputFileListPaths = (
				"${PODS_ROOT}/Target Support Files/Pods-PIG-PIGUITests/Pods-PIG-PIGUITests-frameworks-${CONFIGURATION}-output-files.xcfilelist",
			);
			runOnlyForDeploymentPostprocessing = 0;
			shellPath = /bin/sh;
			shellScript = "\"${PODS_ROOT}/Target Support Files/Pods-PIG-PIGUITests/Pods-PIG-PIGUITests-frameworks.sh\"\n";
			showEnvVarsInLog = 0;
		};
		48D6342C19B32C2AB889D244 /* [CP] Check Pods Manifest.lock */ = {
			isa = PBXShellScriptBuildPhase;
			buildActionMask = 2147483647;
			files = (
			);
			inputFileListPaths = (
			);
			inputPaths = (
				"${PODS_PODFILE_DIR_PATH}/Podfile.lock",
				"${PODS_ROOT}/Manifest.lock",
			);
			name = "[CP] Check Pods Manifest.lock";
			outputFileListPaths = (
			);
			outputPaths = (
				"$(DERIVED_FILE_DIR)/Pods-PIGTests-checkManifestLockResult.txt",
			);
			runOnlyForDeploymentPostprocessing = 0;
			shellPath = /bin/sh;
			shellScript = "diff \"${PODS_PODFILE_DIR_PATH}/Podfile.lock\" \"${PODS_ROOT}/Manifest.lock\" > /dev/null\nif [ $? != 0 ] ; then\n    # print error to STDERR\n    echo \"error: The sandbox is not in sync with the Podfile.lock. Run 'pod install' or update your CocoaPods installation.\" >&2\n    exit 1\nfi\n# This output is used by Xcode 'outputs' to avoid re-running this script phase.\necho \"SUCCESS\" > \"${SCRIPT_OUTPUT_FILE_0}\"\n";
			showEnvVarsInLog = 0;
		};
		6975F2FEB93C3CC3A240F932 /* [CP] Check Pods Manifest.lock */ = {
			isa = PBXShellScriptBuildPhase;
			buildActionMask = 2147483647;
			files = (
			);
			inputFileListPaths = (
			);
			inputPaths = (
				"${PODS_PODFILE_DIR_PATH}/Podfile.lock",
				"${PODS_ROOT}/Manifest.lock",
			);
			name = "[CP] Check Pods Manifest.lock";
			outputFileListPaths = (
			);
			outputPaths = (
				"$(DERIVED_FILE_DIR)/Pods-PIG-PIGUITests-checkManifestLockResult.txt",
			);
			runOnlyForDeploymentPostprocessing = 0;
			shellPath = /bin/sh;
			shellScript = "diff \"${PODS_PODFILE_DIR_PATH}/Podfile.lock\" \"${PODS_ROOT}/Manifest.lock\" > /dev/null\nif [ $? != 0 ] ; then\n    # print error to STDERR\n    echo \"error: The sandbox is not in sync with the Podfile.lock. Run 'pod install' or update your CocoaPods installation.\" >&2\n    exit 1\nfi\n# This output is used by Xcode 'outputs' to avoid re-running this script phase.\necho \"SUCCESS\" > \"${SCRIPT_OUTPUT_FILE_0}\"\n";
			showEnvVarsInLog = 0;
		};
		D6661582C6A5440007D6F955 /* [CP] Check Pods Manifest.lock */ = {
			isa = PBXShellScriptBuildPhase;
			buildActionMask = 2147483647;
			files = (
			);
			inputFileListPaths = (
			);
			inputPaths = (
				"${PODS_PODFILE_DIR_PATH}/Podfile.lock",
				"${PODS_ROOT}/Manifest.lock",
			);
			name = "[CP] Check Pods Manifest.lock";
			outputFileListPaths = (
			);
			outputPaths = (
				"$(DERIVED_FILE_DIR)/Pods-PIG-checkManifestLockResult.txt",
			);
			runOnlyForDeploymentPostprocessing = 0;
			shellPath = /bin/sh;
			shellScript = "diff \"${PODS_PODFILE_DIR_PATH}/Podfile.lock\" \"${PODS_ROOT}/Manifest.lock\" > /dev/null\nif [ $? != 0 ] ; then\n    # print error to STDERR\n    echo \"error: The sandbox is not in sync with the Podfile.lock. Run 'pod install' or update your CocoaPods installation.\" >&2\n    exit 1\nfi\n# This output is used by Xcode 'outputs' to avoid re-running this script phase.\necho \"SUCCESS\" > \"${SCRIPT_OUTPUT_FILE_0}\"\n";
			showEnvVarsInLog = 0;
		};
		FDEC01B2D3D4400A9A6B1871 /* [CP] Embed Pods Frameworks */ = {
			isa = PBXShellScriptBuildPhase;
			buildActionMask = 2147483647;
			files = (
			);
			inputFileListPaths = (
				"${PODS_ROOT}/Target Support Files/Pods-PIG/Pods-PIG-frameworks-${CONFIGURATION}-input-files.xcfilelist",
			);
			name = "[CP] Embed Pods Frameworks";
			outputFileListPaths = (
				"${PODS_ROOT}/Target Support Files/Pods-PIG/Pods-PIG-frameworks-${CONFIGURATION}-output-files.xcfilelist",
			);
			runOnlyForDeploymentPostprocessing = 0;
			shellPath = /bin/sh;
			shellScript = "\"${PODS_ROOT}/Target Support Files/Pods-PIG/Pods-PIG-frameworks.sh\"\n";
			showEnvVarsInLog = 0;
		};
/* End PBXShellScriptBuildPhase section */

/* Begin PBXSourcesBuildPhase section */
		D6DC2C73264D2E9D008C6A72 /* Sources */ = {
			isa = PBXSourcesBuildPhase;
			buildActionMask = 2147483647;
			files = (
				D65A723326B742DD00C60F7D /* SelectFootprint.swift in Sources */,
				D623872726B5B09A003A8207 /* CarbonFootprintModel.swift in Sources */,
				D60DC0EB26B1ABD40041D82D /* MobileNetV2.mlmodel in Sources */,
				D665D7AC268E4FA10021156A /* Place.swift in Sources */,
				D69C7AAE26592F3E00D209DB /* NumberEarthsView.swift in Sources */,
				D60DC0F126B1C6550041D82D /* Pledge.swift in Sources */,
				D665D797268DF9A40021156A /* StreaksView.swift in Sources */,
				D60DC10926B206680041D82D /* CameraModel.swift in Sources */,
				D69C7AA92658099B00D209DB /* StatsDataController.swift in Sources */,
				D60DC10526B205E40041D82D /* CoordinatorModel.swift in Sources */,
				D601C13E26541F8B0050BE7D /* BarGraphView.swift in Sources */,
				D6DC2C7D264D2E9D008C6A72 /* ContentView.swift in Sources */,
				D6770F20269F9AD400E3D646 /* ComputerVision.swift in Sources */,
				D665D7AA268E1BC30021156A /* LocationExtensions.swift in Sources */,
				D659E7FC266D674F0038A086 /* PledgeConfirmation.swift in Sources */,
				D6523D8726614DF1005A83D6 /* TipsView.swift in Sources */,
				D65C360D26866F10003A504F /* TrackPledges.swift in Sources */,
				D6440A63265AA9BD0023F889 /* ImproveView.swift in Sources */,
				D60DC0F626B1C7230041D82D /* ErrorView.swift in Sources */,
				D657445B2697B0A200CC4916 /* MyAnnotation.swift in Sources */,
				D60DC0E326B1A8380041D82D /* SequenceExtension.swift in Sources */,
				D60DC0F826B1C7420041D82D /* SignUpView.swift in Sources */,
				D60DC0F326B1C6A60041D82D /* Places.swift in Sources */,
				D60DC0ED26B1AC610041D82D /* SafeArray.swift in Sources */,
				D60DC0FF26B1CC310041D82D /* Chimney.swift in Sources */,
				D68DCAD8266AA64600AA9116 /* PledgesView.swift in Sources */,
				D6DC2C7B264D2E9D008C6A72 /* PIGApp.swift in Sources */,
				D659E819266E91100038A086 /* PledgesInProgress.swift in Sources */,
				D68366DD2655557000648C1B /* ToggleView.swift in Sources */,
				D60DC0FD26B1C7BB0041D82D /* AppViewModel.swift in Sources */,
				D62F78ED26D3DFCA00615F19 /* ChartCellModel.swift in Sources */,
				D69C7AA4265801E500D209DB /* DoughnutView.swift in Sources */,
				D65C3612268677EB003A504F /* PledgeUpdate.swift in Sources */,
				D60DC0EF26B1AC9E0041D82D /* FirebaseHandler.swift in Sources */,
				D60DC0E526B1A8580041D82D /* UIImageExtension.swift in Sources */,
				D665D79D268E171E0021156A /* MapView.swift in Sources */,
				D6770F1C269EE8F400E3D646 /* CameraView.swift in Sources */,
				D6DD127B269638CB00AEB590 /* Recycling.swift in Sources */,
				D65C360826861CC0003A504F /* AdditionalPledgesView.swift in Sources */,
				D665D7B0268EAE410021156A /* MapShower.swift in Sources */,
				D60DC0E126B1A50F0041D82D /* DateTimeExtensions.swift in Sources */,
				D60DC0FA26B1C76E0041D82D /* SignInView.swift in Sources */,
				D60DC10726B206360041D82D /* ChartDataModel.swift in Sources */,
				D60773B126AABE1100029C3D /* CSVHandler.swift in Sources */,
				D60DC10326B1FF000041D82D /* UserData.swift in Sources */,
				D60DC0DF26B1A4C90041D82D /* MapExtensions.swift in Sources */,
				D60DC10126B1CC400041D82D /* Report.swift in Sources */,
				D64DB1C72652BE5E00D6FA4D /* StatsView.swift in Sources */,
				D60DC0DD26B1A49D0041D82D /* CollectionExtensions.swift in Sources */,
				D665D7AE268EADC40021156A /* MapViewModel.swift in Sources */,
			);
			runOnlyForDeploymentPostprocessing = 0;
		};
		D6DC2C84264D2EA3008C6A72 /* Sources */ = {
			isa = PBXSourcesBuildPhase;
			buildActionMask = 2147483647;
			files = (
				D6DC2C8D264D2EA3008C6A72 /* PIGTests.swift in Sources */,
			);
			runOnlyForDeploymentPostprocessing = 0;
		};
		D6DC2C8F264D2EA3008C6A72 /* Sources */ = {
			isa = PBXSourcesBuildPhase;
			buildActionMask = 2147483647;
			files = (
				D6DC2C98264D2EA3008C6A72 /* PIGUITests.swift in Sources */,
			);
			runOnlyForDeploymentPostprocessing = 0;
		};
/* End PBXSourcesBuildPhase section */

/* Begin PBXTargetDependency section */
		D6DC2C8A264D2EA3008C6A72 /* PBXTargetDependency */ = {
			isa = PBXTargetDependency;
			target = D6DC2C76264D2E9D008C6A72 /* PIG */;
			targetProxy = D6DC2C89264D2EA3008C6A72 /* PBXContainerItemProxy */;
		};
		D6DC2C95264D2EA3008C6A72 /* PBXTargetDependency */ = {
			isa = PBXTargetDependency;
			target = D6DC2C76264D2E9D008C6A72 /* PIG */;
			targetProxy = D6DC2C94264D2EA3008C6A72 /* PBXContainerItemProxy */;
		};
/* End PBXTargetDependency section */

/* Begin XCBuildConfiguration section */
		D6DC2C9A264D2EA4008C6A72 /* Debug */ = {
			isa = XCBuildConfiguration;
			buildSettings = {
				ALWAYS_SEARCH_USER_PATHS = NO;
				CLANG_ANALYZER_NONNULL = YES;
				CLANG_ANALYZER_NUMBER_OBJECT_CONVERSION = YES_AGGRESSIVE;
				CLANG_CXX_LANGUAGE_STANDARD = "gnu++14";
				CLANG_CXX_LIBRARY = "libc++";
				CLANG_ENABLE_MODULES = YES;
				CLANG_ENABLE_OBJC_ARC = YES;
				CLANG_ENABLE_OBJC_WEAK = YES;
				CLANG_WARN_BLOCK_CAPTURE_AUTORELEASING = YES;
				CLANG_WARN_BOOL_CONVERSION = YES;
				CLANG_WARN_COMMA = YES;
				CLANG_WARN_CONSTANT_CONVERSION = YES;
				CLANG_WARN_DEPRECATED_OBJC_IMPLEMENTATIONS = YES;
				CLANG_WARN_DIRECT_OBJC_ISA_USAGE = YES_ERROR;
				CLANG_WARN_DOCUMENTATION_COMMENTS = YES;
				CLANG_WARN_EMPTY_BODY = YES;
				CLANG_WARN_ENUM_CONVERSION = YES;
				CLANG_WARN_INFINITE_RECURSION = YES;
				CLANG_WARN_INT_CONVERSION = YES;
				CLANG_WARN_NON_LITERAL_NULL_CONVERSION = YES;
				CLANG_WARN_OBJC_IMPLICIT_RETAIN_SELF = YES;
				CLANG_WARN_OBJC_LITERAL_CONVERSION = YES;
				CLANG_WARN_OBJC_ROOT_CLASS = YES_ERROR;
				CLANG_WARN_QUOTED_INCLUDE_IN_FRAMEWORK_HEADER = YES;
				CLANG_WARN_RANGE_LOOP_ANALYSIS = YES;
				CLANG_WARN_STRICT_PROTOTYPES = YES;
				CLANG_WARN_SUSPICIOUS_MOVE = YES;
				CLANG_WARN_UNGUARDED_AVAILABILITY = YES_AGGRESSIVE;
				CLANG_WARN_UNREACHABLE_CODE = YES;
				CLANG_WARN__DUPLICATE_METHOD_MATCH = YES;
				COPY_PHASE_STRIP = NO;
				DEBUG_INFORMATION_FORMAT = dwarf;
				ENABLE_STRICT_OBJC_MSGSEND = YES;
				ENABLE_TESTABILITY = YES;
				GCC_C_LANGUAGE_STANDARD = gnu11;
				GCC_DYNAMIC_NO_PIC = NO;
				GCC_NO_COMMON_BLOCKS = YES;
				GCC_OPTIMIZATION_LEVEL = 0;
				GCC_PREPROCESSOR_DEFINITIONS = (
					"DEBUG=1",
					"$(inherited)",
				);
				GCC_WARN_64_TO_32_BIT_CONVERSION = YES;
				GCC_WARN_ABOUT_RETURN_TYPE = YES_ERROR;
				GCC_WARN_UNDECLARED_SELECTOR = YES;
				GCC_WARN_UNINITIALIZED_AUTOS = YES_AGGRESSIVE;
				GCC_WARN_UNUSED_FUNCTION = YES;
				GCC_WARN_UNUSED_VARIABLE = YES;
				IPHONEOS_DEPLOYMENT_TARGET = 14.4;
				MTL_ENABLE_DEBUG_INFO = INCLUDE_SOURCE;
				MTL_FAST_MATH = YES;
				ONLY_ACTIVE_ARCH = YES;
				SDKROOT = iphoneos;
				SWIFT_ACTIVE_COMPILATION_CONDITIONS = DEBUG;
				SWIFT_OPTIMIZATION_LEVEL = "-Onone";
			};
			name = Debug;
		};
		D6DC2C9B264D2EA4008C6A72 /* Release */ = {
			isa = XCBuildConfiguration;
			buildSettings = {
				ALWAYS_SEARCH_USER_PATHS = NO;
				CLANG_ANALYZER_NONNULL = YES;
				CLANG_ANALYZER_NUMBER_OBJECT_CONVERSION = YES_AGGRESSIVE;
				CLANG_CXX_LANGUAGE_STANDARD = "gnu++14";
				CLANG_CXX_LIBRARY = "libc++";
				CLANG_ENABLE_MODULES = YES;
				CLANG_ENABLE_OBJC_ARC = YES;
				CLANG_ENABLE_OBJC_WEAK = YES;
				CLANG_WARN_BLOCK_CAPTURE_AUTORELEASING = YES;
				CLANG_WARN_BOOL_CONVERSION = YES;
				CLANG_WARN_COMMA = YES;
				CLANG_WARN_CONSTANT_CONVERSION = YES;
				CLANG_WARN_DEPRECATED_OBJC_IMPLEMENTATIONS = YES;
				CLANG_WARN_DIRECT_OBJC_ISA_USAGE = YES_ERROR;
				CLANG_WARN_DOCUMENTATION_COMMENTS = YES;
				CLANG_WARN_EMPTY_BODY = YES;
				CLANG_WARN_ENUM_CONVERSION = YES;
				CLANG_WARN_INFINITE_RECURSION = YES;
				CLANG_WARN_INT_CONVERSION = YES;
				CLANG_WARN_NON_LITERAL_NULL_CONVERSION = YES;
				CLANG_WARN_OBJC_IMPLICIT_RETAIN_SELF = YES;
				CLANG_WARN_OBJC_LITERAL_CONVERSION = YES;
				CLANG_WARN_OBJC_ROOT_CLASS = YES_ERROR;
				CLANG_WARN_QUOTED_INCLUDE_IN_FRAMEWORK_HEADER = YES;
				CLANG_WARN_RANGE_LOOP_ANALYSIS = YES;
				CLANG_WARN_STRICT_PROTOTYPES = YES;
				CLANG_WARN_SUSPICIOUS_MOVE = YES;
				CLANG_WARN_UNGUARDED_AVAILABILITY = YES_AGGRESSIVE;
				CLANG_WARN_UNREACHABLE_CODE = YES;
				CLANG_WARN__DUPLICATE_METHOD_MATCH = YES;
				COPY_PHASE_STRIP = NO;
				DEBUG_INFORMATION_FORMAT = "dwarf-with-dsym";
				ENABLE_NS_ASSERTIONS = NO;
				ENABLE_STRICT_OBJC_MSGSEND = YES;
				GCC_C_LANGUAGE_STANDARD = gnu11;
				GCC_NO_COMMON_BLOCKS = YES;
				GCC_WARN_64_TO_32_BIT_CONVERSION = YES;
				GCC_WARN_ABOUT_RETURN_TYPE = YES_ERROR;
				GCC_WARN_UNDECLARED_SELECTOR = YES;
				GCC_WARN_UNINITIALIZED_AUTOS = YES_AGGRESSIVE;
				GCC_WARN_UNUSED_FUNCTION = YES;
				GCC_WARN_UNUSED_VARIABLE = YES;
				IPHONEOS_DEPLOYMENT_TARGET = 14.4;
				MTL_ENABLE_DEBUG_INFO = NO;
				MTL_FAST_MATH = YES;
				SDKROOT = iphoneos;
				SWIFT_COMPILATION_MODE = wholemodule;
				SWIFT_OPTIMIZATION_LEVEL = "-O";
				VALIDATE_PRODUCT = YES;
			};
			name = Release;
		};
		D6DC2C9D264D2EA4008C6A72 /* Debug */ = {
			isa = XCBuildConfiguration;
			baseConfigurationReference = D4AC5E1A68A5A1B6CFD0A6FD /* Pods-PIG.debug.xcconfig */;
			buildSettings = {
				ASSETCATALOG_COMPILER_APPICON_NAME = AppIcon;
				ASSETCATALOG_COMPILER_GLOBAL_ACCENT_COLOR_NAME = AccentColor;
				ASSETCATALOG_COMPILER_INCLUDE_ALL_APPICON_ASSETS = YES;
				CODE_SIGN_IDENTITY = "Apple Development";
				CODE_SIGN_STYLE = Automatic;
				DEVELOPMENT_ASSET_PATHS = "\"PIG/Preview Content\"";
				DEVELOPMENT_TEAM = JZBNNCR75D;
				ENABLE_PREVIEWS = YES;
				GCC_NO_COMMON_BLOCKS = NO;
				GCC_WARN_INHIBIT_ALL_WARNINGS = YES;
				INFOPLIST_FILE = PIG/Info.plist;
				IPHONEOS_DEPLOYMENT_TARGET = 14.2;
				LD_RUNPATH_SEARCH_PATHS = (
					"$(inherited)",
					"@executable_path/Frameworks",
				);
				PRODUCT_BUNDLE_IDENTIFIER = com.Ari.PIG;
				PRODUCT_NAME = "$(TARGET_NAME)";
				PROVISIONING_PROFILE_SPECIFIER = "";
				SWIFT_VERSION = 5.0;
				TARGETED_DEVICE_FAMILY = "1,2";
			};
			name = Debug;
		};
		D6DC2C9E264D2EA4008C6A72 /* Release */ = {
			isa = XCBuildConfiguration;
			baseConfigurationReference = 1280C80DC5F0642F3447144F /* Pods-PIG.release.xcconfig */;
			buildSettings = {
				ASSETCATALOG_COMPILER_APPICON_NAME = AppIcon;
				ASSETCATALOG_COMPILER_GLOBAL_ACCENT_COLOR_NAME = AccentColor;
				ASSETCATALOG_COMPILER_INCLUDE_ALL_APPICON_ASSETS = YES;
				CODE_SIGN_IDENTITY = "Apple Development";
				CODE_SIGN_STYLE = Automatic;
				DEVELOPMENT_ASSET_PATHS = "\"PIG/Preview Content\"";
				DEVELOPMENT_TEAM = JZBNNCR75D;
				ENABLE_PREVIEWS = YES;
				GCC_NO_COMMON_BLOCKS = NO;
				GCC_WARN_INHIBIT_ALL_WARNINGS = YES;
				INFOPLIST_FILE = PIG/Info.plist;
				IPHONEOS_DEPLOYMENT_TARGET = 14.2;
				LD_RUNPATH_SEARCH_PATHS = (
					"$(inherited)",
					"@executable_path/Frameworks",
				);
				PRODUCT_BUNDLE_IDENTIFIER = com.Ari.PIG;
				PRODUCT_NAME = "$(TARGET_NAME)";
				PROVISIONING_PROFILE_SPECIFIER = "";
				SWIFT_VERSION = 5.0;
				TARGETED_DEVICE_FAMILY = "1,2";
			};
			name = Release;
		};
		D6DC2CA0264D2EA4008C6A72 /* Debug */ = {
			isa = XCBuildConfiguration;
			baseConfigurationReference = 90DA05F5D2AF6E4A5A9A764C /* Pods-PIGTests.debug.xcconfig */;
			buildSettings = {
				ALWAYS_EMBED_SWIFT_STANDARD_LIBRARIES = YES;
				BUNDLE_LOADER = "$(TEST_HOST)";
				CODE_SIGN_STYLE = Automatic;
				DEVELOPMENT_TEAM = JZBNNCR75D;
				INFOPLIST_FILE = PIGTests/Info.plist;
				IPHONEOS_DEPLOYMENT_TARGET = 14.3;
				LD_RUNPATH_SEARCH_PATHS = (
					"$(inherited)",
					"@executable_path/Frameworks",
					"@loader_path/Frameworks",
				);
				PRODUCT_BUNDLE_IDENTIFIER = Ari.PIGTests;
				PRODUCT_NAME = "$(TARGET_NAME)";
				SWIFT_VERSION = 5.0;
				TARGETED_DEVICE_FAMILY = "1,2";
				TEST_HOST = "$(BUILT_PRODUCTS_DIR)/PIG.app/PIG";
			};
			name = Debug;
		};
		D6DC2CA1264D2EA4008C6A72 /* Release */ = {
			isa = XCBuildConfiguration;
			baseConfigurationReference = 81DF2723AF073ADE8F3D9F85 /* Pods-PIGTests.release.xcconfig */;
			buildSettings = {
				ALWAYS_EMBED_SWIFT_STANDARD_LIBRARIES = YES;
				BUNDLE_LOADER = "$(TEST_HOST)";
				CODE_SIGN_STYLE = Automatic;
				DEVELOPMENT_TEAM = JZBNNCR75D;
				INFOPLIST_FILE = PIGTests/Info.plist;
				IPHONEOS_DEPLOYMENT_TARGET = 14.3;
				LD_RUNPATH_SEARCH_PATHS = (
					"$(inherited)",
					"@executable_path/Frameworks",
					"@loader_path/Frameworks",
				);
				PRODUCT_BUNDLE_IDENTIFIER = Ari.PIGTests;
				PRODUCT_NAME = "$(TARGET_NAME)";
				SWIFT_VERSION = 5.0;
				TARGETED_DEVICE_FAMILY = "1,2";
				TEST_HOST = "$(BUILT_PRODUCTS_DIR)/PIG.app/PIG";
			};
			name = Release;
		};
		D6DC2CA3264D2EA4008C6A72 /* Debug */ = {
			isa = XCBuildConfiguration;
			baseConfigurationReference = DA435D7DCF0EFB103B5BFAA8 /* Pods-PIG-PIGUITests.debug.xcconfig */;
			buildSettings = {
				ALWAYS_EMBED_SWIFT_STANDARD_LIBRARIES = YES;
				CODE_SIGN_STYLE = Automatic;
				INFOPLIST_FILE = PIGUITests/Info.plist;
				IPHONEOS_DEPLOYMENT_TARGET = 14.3;
				LD_RUNPATH_SEARCH_PATHS = (
					"$(inherited)",
					"@executable_path/Frameworks",
					"@loader_path/Frameworks",
				);
				PRODUCT_BUNDLE_IDENTIFIER = Ari.PIGUITests;
				PRODUCT_NAME = "$(TARGET_NAME)";
				SWIFT_VERSION = 5.0;
				TARGETED_DEVICE_FAMILY = "1,2";
				TEST_TARGET_NAME = PIG;
			};
			name = Debug;
		};
		D6DC2CA4264D2EA4008C6A72 /* Release */ = {
			isa = XCBuildConfiguration;
			baseConfigurationReference = 22F68E980BF1C9EAD34A1E6F /* Pods-PIG-PIGUITests.release.xcconfig */;
			buildSettings = {
				ALWAYS_EMBED_SWIFT_STANDARD_LIBRARIES = YES;
				CODE_SIGN_STYLE = Automatic;
				INFOPLIST_FILE = PIGUITests/Info.plist;
				IPHONEOS_DEPLOYMENT_TARGET = 14.3;
				LD_RUNPATH_SEARCH_PATHS = (
					"$(inherited)",
					"@executable_path/Frameworks",
					"@loader_path/Frameworks",
				);
				PRODUCT_BUNDLE_IDENTIFIER = Ari.PIGUITests;
				PRODUCT_NAME = "$(TARGET_NAME)";
				SWIFT_VERSION = 5.0;
				TARGETED_DEVICE_FAMILY = "1,2";
				TEST_TARGET_NAME = PIG;
			};
			name = Release;
		};
/* End XCBuildConfiguration section */

/* Begin XCConfigurationList section */
		D6DC2C72264D2E9D008C6A72 /* Build configuration list for PBXProject "PIG" */ = {
			isa = XCConfigurationList;
			buildConfigurations = (
				D6DC2C9A264D2EA4008C6A72 /* Debug */,
				D6DC2C9B264D2EA4008C6A72 /* Release */,
			);
			defaultConfigurationIsVisible = 0;
			defaultConfigurationName = Release;
		};
		D6DC2C9C264D2EA4008C6A72 /* Build configuration list for PBXNativeTarget "PIG" */ = {
			isa = XCConfigurationList;
			buildConfigurations = (
				D6DC2C9D264D2EA4008C6A72 /* Debug */,
				D6DC2C9E264D2EA4008C6A72 /* Release */,
			);
			defaultConfigurationIsVisible = 0;
			defaultConfigurationName = Release;
		};
		D6DC2C9F264D2EA4008C6A72 /* Build configuration list for PBXNativeTarget "PIGTests" */ = {
			isa = XCConfigurationList;
			buildConfigurations = (
				D6DC2CA0264D2EA4008C6A72 /* Debug */,
				D6DC2CA1264D2EA4008C6A72 /* Release */,
			);
			defaultConfigurationIsVisible = 0;
			defaultConfigurationName = Release;
		};
		D6DC2CA2264D2EA4008C6A72 /* Build configuration list for PBXNativeTarget "PIGUITests" */ = {
			isa = XCConfigurationList;
			buildConfigurations = (
				D6DC2CA3264D2EA4008C6A72 /* Debug */,
				D6DC2CA4264D2EA4008C6A72 /* Release */,
			);
			defaultConfigurationIsVisible = 0;
			defaultConfigurationName = Release;
		};
/* End XCConfigurationList section */

/* Begin XCRemoteSwiftPackageReference section */
		D612F6272659478700914C0E /* XCRemoteSwiftPackageReference "WrappingHStack" */ = {
			isa = XCRemoteSwiftPackageReference;
			repositoryURL = "https://github.com/dkk/WrappingHStack";
			requirement = {
				kind = upToNextMajorVersion;
				minimumVersion = 2.1.1;
			};
		};
		D6AE5B3B266FFB5C002AF0BE /* XCRemoteSwiftPackageReference "ToastSwiftUI" */ = {
			isa = XCRemoteSwiftPackageReference;
			repositoryURL = "https://github.com/huynguyencong/ToastSwiftUI.git";
			requirement = {
				kind = upToNextMajorVersion;
				minimumVersion = 0.3.0;
			};
		};
/* End XCRemoteSwiftPackageReference section */

/* Begin XCSwiftPackageProductDependency section */
		D612F6282659478700914C0E /* WrappingHStack */ = {
			isa = XCSwiftPackageProductDependency;
			package = D612F6272659478700914C0E /* XCRemoteSwiftPackageReference "WrappingHStack" */;
			productName = WrappingHStack;
		};
		D6AE5B3C266FFB5D002AF0BE /* ToastSwiftUI */ = {
			isa = XCSwiftPackageProductDependency;
			package = D6AE5B3B266FFB5C002AF0BE /* XCRemoteSwiftPackageReference "ToastSwiftUI" */;
			productName = ToastSwiftUI;
		};
/* End XCSwiftPackageProductDependency section */
	};
	rootObject = D6DC2C6F264D2E9D008C6A72 /* Project object */;
}
