// !$*UTF8*$!
{
	archiveVersion = 1;
	classes = {
	};
	objectVersion = 52;
	objects = {

/* Begin PBXBuildFile section */
		5E4EEC212B0EA6A95662E498 /* Pods_PIG.framework in Frameworks */ = {isa = PBXBuildFile; fileRef = B1C8B13E4A977A2ABA58BD7A /* Pods_PIG.framework */; };
		7145DE261ECF4EFF8FD24606 /* Pods_PIGTests.framework in Frameworks */ = {isa = PBXBuildFile; fileRef = 64837E61F8E36276E4C8B4B7 /* Pods_PIGTests.framework */; };
		D601C13626541C1B0050BE7D /* BarChart.swift in Sources */ = {isa = PBXBuildFile; fileRef = D601C13526541C1B0050BE7D /* BarChart.swift */; };
		D601C13E26541F8B0050BE7D /* BarGraphView.swift in Sources */ = {isa = PBXBuildFile; fileRef = D601C13D26541F8B0050BE7D /* BarGraphView.swift */; };
		D612F6292659478700914C0E /* WrappingHStack in Frameworks */ = {isa = PBXBuildFile; productRef = D612F6282659478700914C0E /* WrappingHStack */; };
		D6440A63265AA9BD0023F889 /* ImproveView.swift in Sources */ = {isa = PBXBuildFile; fileRef = D6440A62265AA9BD0023F889 /* ImproveView.swift */; };
		D64DB1C72652BE5E00D6FA4D /* StatsView.swift in Sources */ = {isa = PBXBuildFile; fileRef = D64DB1C62652BE5E00D6FA4D /* StatsView.swift */; };
		D64DB1E42652C1B700D6FA4D /* synthesisedData.csv in Resources */ = {isa = PBXBuildFile; fileRef = D64DB1E32652C1B700D6FA4D /* synthesisedData.csv */; };
		D6523D8726614DF1005A83D6 /* TipsView.swift in Sources */ = {isa = PBXBuildFile; fileRef = D6523D8626614DF1005A83D6 /* TipsView.swift */; };
		D68366DD2655557000648C1B /* ToggleView.swift in Sources */ = {isa = PBXBuildFile; fileRef = D68366DC2655557000648C1B /* ToggleView.swift */; };
		D68DCAD8266AA64600AA9116 /* PledgesView.swift in Sources */ = {isa = PBXBuildFile; fileRef = D68DCAD7266AA64600AA9116 /* PledgesView.swift */; };
		D68DCADD266AA65800AA9116 /* TrophiesView.swift in Sources */ = {isa = PBXBuildFile; fileRef = D68DCADC266AA65800AA9116 /* TrophiesView.swift */; };
		D68DCAF2266AAFC500AA9116 /* synthesisedData.csv in Resources */ = {isa = PBXBuildFile; fileRef = D68DCAF1266AAFC500AA9116 /* synthesisedData.csv */; };
		D69C7AA4265801E500D209DB /* DoughnutView.swift in Sources */ = {isa = PBXBuildFile; fileRef = D69C7AA3265801E500D209DB /* DoughnutView.swift */; };
		D69C7AA92658099B00D209DB /* StatsDataController.swift in Sources */ = {isa = PBXBuildFile; fileRef = D69C7AA82658099B00D209DB /* StatsDataController.swift */; };
		D69C7AAE26592F3E00D209DB /* NumberEarthsView.swift in Sources */ = {isa = PBXBuildFile; fileRef = D69C7AAD26592F3E00D209DB /* NumberEarthsView.swift */; };
		D6DC2C7B264D2E9D008C6A72 /* PIGApp.swift in Sources */ = {isa = PBXBuildFile; fileRef = D6DC2C7A264D2E9D008C6A72 /* PIGApp.swift */; };
		D6DC2C7D264D2E9D008C6A72 /* ContentView.swift in Sources */ = {isa = PBXBuildFile; fileRef = D6DC2C7C264D2E9D008C6A72 /* ContentView.swift */; };
		D6DC2C7F264D2EA3008C6A72 /* Assets.xcassets in Resources */ = {isa = PBXBuildFile; fileRef = D6DC2C7E264D2EA3008C6A72 /* Assets.xcassets */; };
		D6DC2C82264D2EA3008C6A72 /* Preview Assets.xcassets in Resources */ = {isa = PBXBuildFile; fileRef = D6DC2C81264D2EA3008C6A72 /* Preview Assets.xcassets */; };
		D6DC2C8D264D2EA3008C6A72 /* PIGTests.swift in Sources */ = {isa = PBXBuildFile; fileRef = D6DC2C8C264D2EA3008C6A72 /* PIGTests.swift */; };
		D6DC2C98264D2EA3008C6A72 /* PIGUITests.swift in Sources */ = {isa = PBXBuildFile; fileRef = D6DC2C97264D2EA3008C6A72 /* PIGUITests.swift */; };
		D6DC2CC3264D34A6008C6A72 /* GoogleService-Info.plist in Resources */ = {isa = PBXBuildFile; fileRef = D6DC2CC2264D34A6008C6A72 /* GoogleService-Info.plist */; };
		E6BD528231EA7C90F2FE1EE7 /* Pods_PIG_PIGUITests.framework in Frameworks */ = {isa = PBXBuildFile; fileRef = 9631E6AEFD27864D29F631B8 /* Pods_PIG_PIGUITests.framework */; };
/* End PBXBuildFile section */

/* Begin PBXContainerItemProxy section */
		D6DC2C89264D2EA3008C6A72 /* PBXContainerItemProxy */ = {
			isa = PBXContainerItemProxy;
			containerPortal = D6DC2C6F264D2E9D008C6A72 /* Project object */;
			proxyType = 1;
			remoteGlobalIDString = D6DC2C76264D2E9D008C6A72;
			remoteInfo = PIG;
		};
		D6DC2C94264D2EA3008C6A72 /* PBXContainerItemProxy */ = {
			isa = PBXContainerItemProxy;
			containerPortal = D6DC2C6F264D2E9D008C6A72 /* Project object */;
			proxyType = 1;
			remoteGlobalIDString = D6DC2C76264D2E9D008C6A72;
			remoteInfo = PIG;
		};
/* End PBXContainerItemProxy section */

/* Begin PBXFileReference section */
		13DC6C9569CF8C9FB2D2DF78 /* Pods-PIG-PIGUITests.debug.xcconfig */ = {isa = PBXFileReference; includeInIndex = 1; lastKnownFileType = text.xcconfig; name = "Pods-PIG-PIGUITests.debug.xcconfig"; path = "Target Support Files/Pods-PIG-PIGUITests/Pods-PIG-PIGUITests.debug.xcconfig"; sourceTree = "<group>"; };
		64837E61F8E36276E4C8B4B7 /* Pods_PIGTests.framework */ = {isa = PBXFileReference; explicitFileType = wrapper.framework; includeInIndex = 0; path = Pods_PIGTests.framework; sourceTree = BUILT_PRODUCTS_DIR; };
		6C6005264F1773B1E2BCF33A /* Pods-PIG.release.xcconfig */ = {isa = PBXFileReference; includeInIndex = 1; lastKnownFileType = text.xcconfig; name = "Pods-PIG.release.xcconfig"; path = "Target Support Files/Pods-PIG/Pods-PIG.release.xcconfig"; sourceTree = "<group>"; };
		6E74DAB7845EEA4D8C2AB564 /* Pods-PIGTests.release.xcconfig */ = {isa = PBXFileReference; includeInIndex = 1; lastKnownFileType = text.xcconfig; name = "Pods-PIGTests.release.xcconfig"; path = "Target Support Files/Pods-PIGTests/Pods-PIGTests.release.xcconfig"; sourceTree = "<group>"; };
		9631E6AEFD27864D29F631B8 /* Pods_PIG_PIGUITests.framework */ = {isa = PBXFileReference; explicitFileType = wrapper.framework; includeInIndex = 0; path = Pods_PIG_PIGUITests.framework; sourceTree = BUILT_PRODUCTS_DIR; };
		B1C8B13E4A977A2ABA58BD7A /* Pods_PIG.framework */ = {isa = PBXFileReference; explicitFileType = wrapper.framework; includeInIndex = 0; path = Pods_PIG.framework; sourceTree = BUILT_PRODUCTS_DIR; };
		B3447A112A3CF239AB8E22DA /* Pods-PIGTests.debug.xcconfig */ = {isa = PBXFileReference; includeInIndex = 1; lastKnownFileType = text.xcconfig; name = "Pods-PIGTests.debug.xcconfig"; path = "Target Support Files/Pods-PIGTests/Pods-PIGTests.debug.xcconfig"; sourceTree = "<group>"; };
		C8A96D309BC6D173767ECF7E /* Pods-PIG-PIGUITests.release.xcconfig */ = {isa = PBXFileReference; includeInIndex = 1; lastKnownFileType = text.xcconfig; name = "Pods-PIG-PIGUITests.release.xcconfig"; path = "Target Support Files/Pods-PIG-PIGUITests/Pods-PIG-PIGUITests.release.xcconfig"; sourceTree = "<group>"; };
		D601C13526541C1B0050BE7D /* BarChart.swift */ = {isa = PBXFileReference; lastKnownFileType = sourcecode.swift; path = BarChart.swift; sourceTree = "<group>"; };
		D601C13D26541F8B0050BE7D /* BarGraphView.swift */ = {isa = PBXFileReference; lastKnownFileType = sourcecode.swift; path = BarGraphView.swift; sourceTree = "<group>"; };
		D6440A62265AA9BD0023F889 /* ImproveView.swift */ = {isa = PBXFileReference; lastKnownFileType = sourcecode.swift; path = ImproveView.swift; sourceTree = "<group>"; };
		D64DB1C62652BE5E00D6FA4D /* StatsView.swift */ = {isa = PBXFileReference; lastKnownFileType = sourcecode.swift; path = StatsView.swift; sourceTree = "<group>"; };
		D64DB1E32652C1B700D6FA4D /* synthesisedData.csv */ = {isa = PBXFileReference; fileEncoding = 4; lastKnownFileType = text; name = synthesisedData.csv; path = ../../Imperial/DISS/synthesisedData.csv; sourceTree = "<group>"; };
		D6523D8626614DF1005A83D6 /* TipsView.swift */ = {isa = PBXFileReference; lastKnownFileType = sourcecode.swift; path = TipsView.swift; sourceTree = "<group>"; };
		D68366DC2655557000648C1B /* ToggleView.swift */ = {isa = PBXFileReference; lastKnownFileType = sourcecode.swift; path = ToggleView.swift; sourceTree = "<group>"; };
		D68DCAD7266AA64600AA9116 /* PledgesView.swift */ = {isa = PBXFileReference; lastKnownFileType = sourcecode.swift; path = PledgesView.swift; sourceTree = "<group>"; };
		D68DCADC266AA65800AA9116 /* TrophiesView.swift */ = {isa = PBXFileReference; lastKnownFileType = sourcecode.swift; path = TrophiesView.swift; sourceTree = "<group>"; };
		D68DCAF1266AAFC500AA9116 /* synthesisedData.csv */ = {isa = PBXFileReference; lastKnownFileType = text; name = synthesisedData.csv; path = ../../Imperial/DISS/synthesisedData.csv; sourceTree = "<group>"; };
		D69C7AA3265801E500D209DB /* DoughnutView.swift */ = {isa = PBXFileReference; lastKnownFileType = sourcecode.swift; path = DoughnutView.swift; sourceTree = "<group>"; };
		D69C7AA82658099B00D209DB /* StatsDataController.swift */ = {isa = PBXFileReference; lastKnownFileType = sourcecode.swift; path = StatsDataController.swift; sourceTree = "<group>"; };
		D69C7AAD26592F3E00D209DB /* NumberEarthsView.swift */ = {isa = PBXFileReference; lastKnownFileType = sourcecode.swift; path = NumberEarthsView.swift; sourceTree = "<group>"; };
		D6DC2C77264D2E9D008C6A72 /* PIG.app */ = {isa = PBXFileReference; explicitFileType = wrapper.application; includeInIndex = 0; path = PIG.app; sourceTree = BUILT_PRODUCTS_DIR; };
		D6DC2C7A264D2E9D008C6A72 /* PIGApp.swift */ = {isa = PBXFileReference; lastKnownFileType = sourcecode.swift; path = PIGApp.swift; sourceTree = "<group>"; };
		D6DC2C7C264D2E9D008C6A72 /* ContentView.swift */ = {isa = PBXFileReference; lastKnownFileType = sourcecode.swift; path = ContentView.swift; sourceTree = "<group>"; };
		D6DC2C7E264D2EA3008C6A72 /* Assets.xcassets */ = {isa = PBXFileReference; lastKnownFileType = folder.assetcatalog; path = Assets.xcassets; sourceTree = "<group>"; };
		D6DC2C81264D2EA3008C6A72 /* Preview Assets.xcassets */ = {isa = PBXFileReference; lastKnownFileType = folder.assetcatalog; path = "Preview Assets.xcassets"; sourceTree = "<group>"; };
		D6DC2C83264D2EA3008C6A72 /* Info.plist */ = {isa = PBXFileReference; lastKnownFileType = text.plist.xml; path = Info.plist; sourceTree = "<group>"; };
		D6DC2C88264D2EA3008C6A72 /* PIGTests.xctest */ = {isa = PBXFileReference; explicitFileType = wrapper.cfbundle; includeInIndex = 0; path = PIGTests.xctest; sourceTree = BUILT_PRODUCTS_DIR; };
		D6DC2C8C264D2EA3008C6A72 /* PIGTests.swift */ = {isa = PBXFileReference; lastKnownFileType = sourcecode.swift; path = PIGTests.swift; sourceTree = "<group>"; };
		D6DC2C8E264D2EA3008C6A72 /* Info.plist */ = {isa = PBXFileReference; lastKnownFileType = text.plist.xml; path = Info.plist; sourceTree = "<group>"; };
		D6DC2C93264D2EA3008C6A72 /* PIGUITests.xctest */ = {isa = PBXFileReference; explicitFileType = wrapper.cfbundle; includeInIndex = 0; path = PIGUITests.xctest; sourceTree = BUILT_PRODUCTS_DIR; };
		D6DC2C97264D2EA3008C6A72 /* PIGUITests.swift */ = {isa = PBXFileReference; lastKnownFileType = sourcecode.swift; path = PIGUITests.swift; sourceTree = "<group>"; };
		D6DC2C99264D2EA4008C6A72 /* Info.plist */ = {isa = PBXFileReference; lastKnownFileType = text.plist.xml; path = Info.plist; sourceTree = "<group>"; };
		D6DC2CC2264D34A6008C6A72 /* GoogleService-Info.plist */ = {isa = PBXFileReference; fileEncoding = 4; lastKnownFileType = text.plist.xml; name = "GoogleService-Info.plist"; path = "../../../Downloads/GoogleService-Info.plist"; sourceTree = "<group>"; };
		E07A8BAAAD235A1B15F90530 /* Pods-PIG.debug.xcconfig */ = {isa = PBXFileReference; includeInIndex = 1; lastKnownFileType = text.xcconfig; name = "Pods-PIG.debug.xcconfig"; path = "Target Support Files/Pods-PIG/Pods-PIG.debug.xcconfig"; sourceTree = "<group>"; };
/* End PBXFileReference section */

/* Begin PBXFrameworksBuildPhase section */
		D6DC2C74264D2E9D008C6A72 /* Frameworks */ = {
			isa = PBXFrameworksBuildPhase;
			buildActionMask = 2147483647;
			files = (
				D612F6292659478700914C0E /* WrappingHStack in Frameworks */,
				5E4EEC212B0EA6A95662E498 /* Pods_PIG.framework in Frameworks */,
			);
			runOnlyForDeploymentPostprocessing = 0;
		};
		D6DC2C85264D2EA3008C6A72 /* Frameworks */ = {
			isa = PBXFrameworksBuildPhase;
			buildActionMask = 2147483647;
			files = (
				7145DE261ECF4EFF8FD24606 /* Pods_PIGTests.framework in Frameworks */,
			);
			runOnlyForDeploymentPostprocessing = 0;
		};
		D6DC2C90264D2EA3008C6A72 /* Frameworks */ = {
			isa = PBXFrameworksBuildPhase;
			buildActionMask = 2147483647;
			files = (
				E6BD528231EA7C90F2FE1EE7 /* Pods_PIG_PIGUITests.framework in Frameworks */,
			);
			runOnlyForDeploymentPostprocessing = 0;
		};
/* End PBXFrameworksBuildPhase section */

/* Begin PBXGroup section */
		882BB0B2DA1FBA775C5C3332 /* Pods */ = {
			isa = PBXGroup;
			children = (
				E07A8BAAAD235A1B15F90530 /* Pods-PIG.debug.xcconfig */,
				6C6005264F1773B1E2BCF33A /* Pods-PIG.release.xcconfig */,
				13DC6C9569CF8C9FB2D2DF78 /* Pods-PIG-PIGUITests.debug.xcconfig */,
				C8A96D309BC6D173767ECF7E /* Pods-PIG-PIGUITests.release.xcconfig */,
				B3447A112A3CF239AB8E22DA /* Pods-PIGTests.debug.xcconfig */,
				6E74DAB7845EEA4D8C2AB564 /* Pods-PIGTests.release.xcconfig */,
			);
			path = Pods;
			sourceTree = "<group>";
		};
		A0A054160856DDEC7A0C101E /* Frameworks */ = {
			isa = PBXGroup;
			children = (
				B1C8B13E4A977A2ABA58BD7A /* Pods_PIG.framework */,
				9631E6AEFD27864D29F631B8 /* Pods_PIG_PIGUITests.framework */,
				64837E61F8E36276E4C8B4B7 /* Pods_PIGTests.framework */,
			);
			name = Frameworks;
			sourceTree = "<group>";
		};
		D6DC2C6E264D2E9C008C6A72 = {
			isa = PBXGroup;
			children = (
				D6440A62265AA9BD0023F889 /* ImproveView.swift */,
				D6523D8626614DF1005A83D6 /* TipsView.swift */,
				D68DCAD7266AA64600AA9116 /* PledgesView.swift */,
				D69C7AAD26592F3E00D209DB /* NumberEarthsView.swift */,
				D6DC2C79264D2E9D008C6A72 /* PIG */,
				D6DC2C8B264D2EA3008C6A72 /* PIGTests */,
				D6DC2C96264D2EA3008C6A72 /* PIGUITests */,
				D6DC2C78264D2E9D008C6A72 /* Products */,
				882BB0B2DA1FBA775C5C3332 /* Pods */,
				A0A054160856DDEC7A0C101E /* Frameworks */,
			);
			sourceTree = "<group>";
		};
		D6DC2C78264D2E9D008C6A72 /* Products */ = {
			isa = PBXGroup;
			children = (
				D6DC2C77264D2E9D008C6A72 /* PIG.app */,
				D6DC2C88264D2EA3008C6A72 /* PIGTests.xctest */,
				D6DC2C93264D2EA3008C6A72 /* PIGUITests.xctest */,
			);
			name = Products;
			sourceTree = "<group>";
		};
		D6DC2C79264D2E9D008C6A72 /* PIG */ = {
			isa = PBXGroup;
			children = (
				D68DCAF1266AAFC500AA9116 /* synthesisedData.csv */,
				D64DB1E32652C1B700D6FA4D /* synthesisedData.csv */,
				D6DC2C7A264D2E9D008C6A72 /* PIGApp.swift */,
				D6DC2C7C264D2E9D008C6A72 /* ContentView.swift */,
				D69C7AA3265801E500D209DB /* DoughnutView.swift */,
				D64DB1C62652BE5E00D6FA4D /* StatsView.swift */,
				D69C7AA82658099B00D209DB /* StatsDataController.swift */,
				D601C13526541C1B0050BE7D /* BarChart.swift */,
				D6DC2CC2264D34A6008C6A72 /* GoogleService-Info.plist */,
				D6DC2C7E264D2EA3008C6A72 /* Assets.xcassets */,
				D6DC2C83264D2EA3008C6A72 /* Info.plist */,
				D6DC2C80264D2EA3008C6A72 /* Preview Content */,
				D601C13D26541F8B0050BE7D /* BarGraphView.swift */,
				D68366DC2655557000648C1B /* ToggleView.swift */,
				D68DCADC266AA65800AA9116 /* TrophiesView.swift */,
			);
			path = PIG;
			sourceTree = "<group>";
		};
		D6DC2C80264D2EA3008C6A72 /* Preview Content */ = {
			isa = PBXGroup;
			children = (
				D6DC2C81264D2EA3008C6A72 /* Preview Assets.xcassets */,
			);
			path = "Preview Content";
			sourceTree = "<group>";
		};
		D6DC2C8B264D2EA3008C6A72 /* PIGTests */ = {
			isa = PBXGroup;
			children = (
				D6DC2C8C264D2EA3008C6A72 /* PIGTests.swift */,
				D6DC2C8E264D2EA3008C6A72 /* Info.plist */,
			);
			path = PIGTests;
			sourceTree = "<group>";
		};
		D6DC2C96264D2EA3008C6A72 /* PIGUITests */ = {
			isa = PBXGroup;
			children = (
				D6DC2C97264D2EA3008C6A72 /* PIGUITests.swift */,
				D6DC2C99264D2EA4008C6A72 /* Info.plist */,
			);
			path = PIGUITests;
			sourceTree = "<group>";
		};
/* End PBXGroup section */

/* Begin PBXNativeTarget section */
		D6DC2C76264D2E9D008C6A72 /* PIG */ = {
			isa = PBXNativeTarget;
			buildConfigurationList = D6DC2C9C264D2EA4008C6A72 /* Build configuration list for PBXNativeTarget "PIG" */;
			buildPhases = (
				8AEAF60F51F2E42C2C09C1DC /* [CP] Check Pods Manifest.lock */,
				D6DC2C73264D2E9D008C6A72 /* Sources */,
				D6DC2C74264D2E9D008C6A72 /* Frameworks */,
				D6DC2C75264D2E9D008C6A72 /* Resources */,
				EC71D9360A9BCD135B1CF07F /* [CP] Embed Pods Frameworks */,
			);
			buildRules = (
			);
			dependencies = (
			);
			name = PIG;
			packageProductDependencies = (
				D612F6282659478700914C0E /* WrappingHStack */,
			);
			productName = PIG;
			productReference = D6DC2C77264D2E9D008C6A72 /* PIG.app */;
			productType = "com.apple.product-type.application";
		};
		D6DC2C87264D2EA3008C6A72 /* PIGTests */ = {
			isa = PBXNativeTarget;
			buildConfigurationList = D6DC2C9F264D2EA4008C6A72 /* Build configuration list for PBXNativeTarget "PIGTests" */;
			buildPhases = (
				75C227BE79F47A0B07C39C00 /* [CP] Check Pods Manifest.lock */,
				D6DC2C84264D2EA3008C6A72 /* Sources */,
				D6DC2C85264D2EA3008C6A72 /* Frameworks */,
				D6DC2C86264D2EA3008C6A72 /* Resources */,
			);
			buildRules = (
			);
			dependencies = (
				D6DC2C8A264D2EA3008C6A72 /* PBXTargetDependency */,
			);
			name = PIGTests;
			productName = PIGTests;
			productReference = D6DC2C88264D2EA3008C6A72 /* PIGTests.xctest */;
			productType = "com.apple.product-type.bundle.unit-test";
		};
		D6DC2C92264D2EA3008C6A72 /* PIGUITests */ = {
			isa = PBXNativeTarget;
			buildConfigurationList = D6DC2CA2264D2EA4008C6A72 /* Build configuration list for PBXNativeTarget "PIGUITests" */;
			buildPhases = (
				B7A6E67B02E41164FBE82234 /* [CP] Check Pods Manifest.lock */,
				D6DC2C8F264D2EA3008C6A72 /* Sources */,
				D6DC2C90264D2EA3008C6A72 /* Frameworks */,
				D6DC2C91264D2EA3008C6A72 /* Resources */,
				C36695AC055E47FE168E62BB /* [CP] Embed Pods Frameworks */,
			);
			buildRules = (
			);
			dependencies = (
				D6DC2C95264D2EA3008C6A72 /* PBXTargetDependency */,
			);
			name = PIGUITests;
			productName = PIGUITests;
			productReference = D6DC2C93264D2EA3008C6A72 /* PIGUITests.xctest */;
			productType = "com.apple.product-type.bundle.ui-testing";
		};
/* End PBXNativeTarget section */

/* Begin PBXProject section */
		D6DC2C6F264D2E9D008C6A72 /* Project object */ = {
			isa = PBXProject;
			attributes = {
				LastSwiftUpdateCheck = 1240;
				LastUpgradeCheck = 1240;
				TargetAttributes = {
					D6DC2C76264D2E9D008C6A72 = {
						CreatedOnToolsVersion = 12.4;
					};
					D6DC2C87264D2EA3008C6A72 = {
						CreatedOnToolsVersion = 12.4;
						TestTargetID = D6DC2C76264D2E9D008C6A72;
					};
					D6DC2C92264D2EA3008C6A72 = {
						CreatedOnToolsVersion = 12.4;
						TestTargetID = D6DC2C76264D2E9D008C6A72;
					};
				};
			};
			buildConfigurationList = D6DC2C72264D2E9D008C6A72 /* Build configuration list for PBXProject "PIG" */;
			compatibilityVersion = "Xcode 9.3";
			developmentRegion = en;
			hasScannedForEncodings = 0;
			knownRegions = (
				en,
				Base,
			);
			mainGroup = D6DC2C6E264D2E9C008C6A72;
			packageReferences = (
				D612F6272659478700914C0E /* XCRemoteSwiftPackageReference "WrappingHStack" */,
			);
			productRefGroup = D6DC2C78264D2E9D008C6A72 /* Products */;
			projectDirPath = "";
			projectRoot = "";
			targets = (
				D6DC2C76264D2E9D008C6A72 /* PIG */,
				D6DC2C87264D2EA3008C6A72 /* PIGTests */,
				D6DC2C92264D2EA3008C6A72 /* PIGUITests */,
			);
		};
/* End PBXProject section */

/* Begin PBXResourcesBuildPhase section */
		D6DC2C75264D2E9D008C6A72 /* Resources */ = {
			isa = PBXResourcesBuildPhase;
			buildActionMask = 2147483647;
			files = (
				D6DC2C82264D2EA3008C6A72 /* Preview Assets.xcassets in Resources */,
				D68DCAF2266AAFC500AA9116 /* synthesisedData.csv in Resources */,
				D6DC2C7F264D2EA3008C6A72 /* Assets.xcassets in Resources */,
				D64DB1E42652C1B700D6FA4D /* synthesisedData.csv in Resources */,
				D6DC2CC3264D34A6008C6A72 /* GoogleService-Info.plist in Resources */,
			);
			runOnlyForDeploymentPostprocessing = 0;
		};
		D6DC2C86264D2EA3008C6A72 /* Resources */ = {
			isa = PBXResourcesBuildPhase;
			buildActionMask = 2147483647;
			files = (
			);
			runOnlyForDeploymentPostprocessing = 0;
		};
		D6DC2C91264D2EA3008C6A72 /* Resources */ = {
			isa = PBXResourcesBuildPhase;
			buildActionMask = 2147483647;
			files = (
			);
			runOnlyForDeploymentPostprocessing = 0;
		};
/* End PBXResourcesBuildPhase section */

/* Begin PBXShellScriptBuildPhase section */
		75C227BE79F47A0B07C39C00 /* [CP] Check Pods Manifest.lock */ = {
			isa = PBXShellScriptBuildPhase;
			buildActionMask = 2147483647;
			files = (
			);
			inputFileListPaths = (
			);
			inputPaths = (
				"${PODS_PODFILE_DIR_PATH}/Podfile.lock",
				"${PODS_ROOT}/Manifest.lock",
			);
			name = "[CP] Check Pods Manifest.lock";
			outputFileListPaths = (
			);
			outputPaths = (
				"$(DERIVED_FILE_DIR)/Pods-PIGTests-checkManifestLockResult.txt",
			);
			runOnlyForDeploymentPostprocessing = 0;
			shellPath = /bin/sh;
			shellScript = "diff \"${PODS_PODFILE_DIR_PATH}/Podfile.lock\" \"${PODS_ROOT}/Manifest.lock\" > /dev/null\nif [ $? != 0 ] ; then\n    # print error to STDERR\n    echo \"error: The sandbox is not in sync with the Podfile.lock. Run 'pod install' or update your CocoaPods installation.\" >&2\n    exit 1\nfi\n# This output is used by Xcode 'outputs' to avoid re-running this script phase.\necho \"SUCCESS\" > \"${SCRIPT_OUTPUT_FILE_0}\"\n";
			showEnvVarsInLog = 0;
		};
		8AEAF60F51F2E42C2C09C1DC /* [CP] Check Pods Manifest.lock */ = {
			isa = PBXShellScriptBuildPhase;
			buildActionMask = 2147483647;
			files = (
			);
			inputFileListPaths = (
			);
			inputPaths = (
				"${PODS_PODFILE_DIR_PATH}/Podfile.lock",
				"${PODS_ROOT}/Manifest.lock",
			);
			name = "[CP] Check Pods Manifest.lock";
			outputFileListPaths = (
			);
			outputPaths = (
				"$(DERIVED_FILE_DIR)/Pods-PIG-checkManifestLockResult.txt",
			);
			runOnlyForDeploymentPostprocessing = 0;
			shellPath = /bin/sh;
			shellScript = "diff \"${PODS_PODFILE_DIR_PATH}/Podfile.lock\" \"${PODS_ROOT}/Manifest.lock\" > /dev/null\nif [ $? != 0 ] ; then\n    # print error to STDERR\n    echo \"error: The sandbox is not in sync with the Podfile.lock. Run 'pod install' or update your CocoaPods installation.\" >&2\n    exit 1\nfi\n# This output is used by Xcode 'outputs' to avoid re-running this script phase.\necho \"SUCCESS\" > \"${SCRIPT_OUTPUT_FILE_0}\"\n";
			showEnvVarsInLog = 0;
		};
		B7A6E67B02E41164FBE82234 /* [CP] Check Pods Manifest.lock */ = {
			isa = PBXShellScriptBuildPhase;
			buildActionMask = 2147483647;
			files = (
			);
			inputFileListPaths = (
			);
			inputPaths = (
				"${PODS_PODFILE_DIR_PATH}/Podfile.lock",
				"${PODS_ROOT}/Manifest.lock",
			);
			name = "[CP] Check Pods Manifest.lock";
			outputFileListPaths = (
			);
			outputPaths = (
				"$(DERIVED_FILE_DIR)/Pods-PIG-PIGUITests-checkManifestLockResult.txt",
			);
			runOnlyForDeploymentPostprocessing = 0;
			shellPath = /bin/sh;
			shellScript = "diff \"${PODS_PODFILE_DIR_PATH}/Podfile.lock\" \"${PODS_ROOT}/Manifest.lock\" > /dev/null\nif [ $? != 0 ] ; then\n    # print error to STDERR\n    echo \"error: The sandbox is not in sync with the Podfile.lock. Run 'pod install' or update your CocoaPods installation.\" >&2\n    exit 1\nfi\n# This output is used by Xcode 'outputs' to avoid re-running this script phase.\necho \"SUCCESS\" > \"${SCRIPT_OUTPUT_FILE_0}\"\n";
			showEnvVarsInLog = 0;
		};
		C36695AC055E47FE168E62BB /* [CP] Embed Pods Frameworks */ = {
			isa = PBXShellScriptBuildPhase;
			buildActionMask = 2147483647;
			files = (
			);
			inputFileListPaths = (
				"${PODS_ROOT}/Target Support Files/Pods-PIG-PIGUITests/Pods-PIG-PIGUITests-frameworks-${CONFIGURATION}-input-files.xcfilelist",
			);
			name = "[CP] Embed Pods Frameworks";
			outputFileListPaths = (
				"${PODS_ROOT}/Target Support Files/Pods-PIG-PIGUITests/Pods-PIG-PIGUITests-frameworks-${CONFIGURATION}-output-files.xcfilelist",
			);
			runOnlyForDeploymentPostprocessing = 0;
			shellPath = /bin/sh;
			shellScript = "\"${PODS_ROOT}/Target Support Files/Pods-PIG-PIGUITests/Pods-PIG-PIGUITests-frameworks.sh\"\n";
			showEnvVarsInLog = 0;
		};
		EC71D9360A9BCD135B1CF07F /* [CP] Embed Pods Frameworks */ = {
			isa = PBXShellScriptBuildPhase;
			buildActionMask = 2147483647;
			files = (
			);
			inputFileListPaths = (
				"${PODS_ROOT}/Target Support Files/Pods-PIG/Pods-PIG-frameworks-${CONFIGURATION}-input-files.xcfilelist",
			);
			name = "[CP] Embed Pods Frameworks";
			outputFileListPaths = (
				"${PODS_ROOT}/Target Support Files/Pods-PIG/Pods-PIG-frameworks-${CONFIGURATION}-output-files.xcfilelist",
			);
			runOnlyForDeploymentPostprocessing = 0;
			shellPath = /bin/sh;
			shellScript = "\"${PODS_ROOT}/Target Support Files/Pods-PIG/Pods-PIG-frameworks.sh\"\n";
			showEnvVarsInLog = 0;
		};
/* End PBXShellScriptBuildPhase section */

/* Begin PBXSourcesBuildPhase section */
		D6DC2C73264D2E9D008C6A72 /* Sources */ = {
			isa = PBXSourcesBuildPhase;
			buildActionMask = 2147483647;
			files = (
				D69C7AAE26592F3E00D209DB /* NumberEarthsView.swift in Sources */,
				D601C13626541C1B0050BE7D /* BarChart.swift in Sources */,
				D69C7AA92658099B00D209DB /* StatsDataController.swift in Sources */,
				D601C13E26541F8B0050BE7D /* BarGraphView.swift in Sources */,
				D6DC2C7D264D2E9D008C6A72 /* ContentView.swift in Sources */,
				D6523D8726614DF1005A83D6 /* TipsView.swift in Sources */,
				D6440A63265AA9BD0023F889 /* ImproveView.swift in Sources */,
				D68DCAD8266AA64600AA9116 /* PledgesView.swift in Sources */,
				D68DCADD266AA65800AA9116 /* TrophiesView.swift in Sources */,
				D6DC2C7B264D2E9D008C6A72 /* PIGApp.swift in Sources */,
				D68366DD2655557000648C1B /* ToggleView.swift in Sources */,
				D69C7AA4265801E500D209DB /* DoughnutView.swift in Sources */,
				D64DB1C72652BE5E00D6FA4D /* StatsView.swift in Sources */,
			);
			runOnlyForDeploymentPostprocessing = 0;
		};
		D6DC2C84264D2EA3008C6A72 /* Sources */ = {
			isa = PBXSourcesBuildPhase;
			buildActionMask = 2147483647;
			files = (
				D6DC2C8D264D2EA3008C6A72 /* PIGTests.swift in Sources */,
			);
			runOnlyForDeploymentPostprocessing = 0;
		};
		D6DC2C8F264D2EA3008C6A72 /* Sources */ = {
			isa = PBXSourcesBuildPhase;
			buildActionMask = 2147483647;
			files = (
				D6DC2C98264D2EA3008C6A72 /* PIGUITests.swift in Sources */,
			);
			runOnlyForDeploymentPostprocessing = 0;
		};
/* End PBXSourcesBuildPhase section */

/* Begin PBXTargetDependency section */
		D6DC2C8A264D2EA3008C6A72 /* PBXTargetDependency */ = {
			isa = PBXTargetDependency;
			target = D6DC2C76264D2E9D008C6A72 /* PIG */;
			targetProxy = D6DC2C89264D2EA3008C6A72 /* PBXContainerItemProxy */;
		};
		D6DC2C95264D2EA3008C6A72 /* PBXTargetDependency */ = {
			isa = PBXTargetDependency;
			target = D6DC2C76264D2E9D008C6A72 /* PIG */;
			targetProxy = D6DC2C94264D2EA3008C6A72 /* PBXContainerItemProxy */;
		};
/* End PBXTargetDependency section */

/* Begin XCBuildConfiguration section */
		D6DC2C9A264D2EA4008C6A72 /* Debug */ = {
			isa = XCBuildConfiguration;
			buildSettings = {
				ALWAYS_SEARCH_USER_PATHS = NO;
				CLANG_ANALYZER_NONNULL = YES;
				CLANG_ANALYZER_NUMBER_OBJECT_CONVERSION = YES_AGGRESSIVE;
				CLANG_CXX_LANGUAGE_STANDARD = "gnu++14";
				CLANG_CXX_LIBRARY = "libc++";
				CLANG_ENABLE_MODULES = YES;
				CLANG_ENABLE_OBJC_ARC = YES;
				CLANG_ENABLE_OBJC_WEAK = YES;
				CLANG_WARN_BLOCK_CAPTURE_AUTORELEASING = YES;
				CLANG_WARN_BOOL_CONVERSION = YES;
				CLANG_WARN_COMMA = YES;
				CLANG_WARN_CONSTANT_CONVERSION = YES;
				CLANG_WARN_DEPRECATED_OBJC_IMPLEMENTATIONS = YES;
				CLANG_WARN_DIRECT_OBJC_ISA_USAGE = YES_ERROR;
				CLANG_WARN_DOCUMENTATION_COMMENTS = YES;
				CLANG_WARN_EMPTY_BODY = YES;
				CLANG_WARN_ENUM_CONVERSION = YES;
				CLANG_WARN_INFINITE_RECURSION = YES;
				CLANG_WARN_INT_CONVERSION = YES;
				CLANG_WARN_NON_LITERAL_NULL_CONVERSION = YES;
				CLANG_WARN_OBJC_IMPLICIT_RETAIN_SELF = YES;
				CLANG_WARN_OBJC_LITERAL_CONVERSION = YES;
				CLANG_WARN_OBJC_ROOT_CLASS = YES_ERROR;
				CLANG_WARN_QUOTED_INCLUDE_IN_FRAMEWORK_HEADER = YES;
				CLANG_WARN_RANGE_LOOP_ANALYSIS = YES;
				CLANG_WARN_STRICT_PROTOTYPES = YES;
				CLANG_WARN_SUSPICIOUS_MOVE = YES;
				CLANG_WARN_UNGUARDED_AVAILABILITY = YES_AGGRESSIVE;
				CLANG_WARN_UNREACHABLE_CODE = YES;
				CLANG_WARN__DUPLICATE_METHOD_MATCH = YES;
				COPY_PHASE_STRIP = NO;
				DEBUG_INFORMATION_FORMAT = dwarf;
				ENABLE_STRICT_OBJC_MSGSEND = YES;
				ENABLE_TESTABILITY = YES;
				GCC_C_LANGUAGE_STANDARD = gnu11;
				GCC_DYNAMIC_NO_PIC = NO;
				GCC_NO_COMMON_BLOCKS = YES;
				GCC_OPTIMIZATION_LEVEL = 0;
				GCC_PREPROCESSOR_DEFINITIONS = (
					"DEBUG=1",
					"$(inherited)",
				);
				GCC_WARN_64_TO_32_BIT_CONVERSION = YES;
				GCC_WARN_ABOUT_RETURN_TYPE = YES_ERROR;
				GCC_WARN_UNDECLARED_SELECTOR = YES;
				GCC_WARN_UNINITIALIZED_AUTOS = YES_AGGRESSIVE;
				GCC_WARN_UNUSED_FUNCTION = YES;
				GCC_WARN_UNUSED_VARIABLE = YES;
				IPHONEOS_DEPLOYMENT_TARGET = 14.4;
				MTL_ENABLE_DEBUG_INFO = INCLUDE_SOURCE;
				MTL_FAST_MATH = YES;
				ONLY_ACTIVE_ARCH = YES;
				SDKROOT = iphoneos;
				SWIFT_ACTIVE_COMPILATION_CONDITIONS = DEBUG;
				SWIFT_OPTIMIZATION_LEVEL = "-Onone";
			};
			name = Debug;
		};
		D6DC2C9B264D2EA4008C6A72 /* Release */ = {
			isa = XCBuildConfiguration;
			buildSettings = {
				ALWAYS_SEARCH_USER_PATHS = NO;
				CLANG_ANALYZER_NONNULL = YES;
				CLANG_ANALYZER_NUMBER_OBJECT_CONVERSION = YES_AGGRESSIVE;
				CLANG_CXX_LANGUAGE_STANDARD = "gnu++14";
				CLANG_CXX_LIBRARY = "libc++";
				CLANG_ENABLE_MODULES = YES;
				CLANG_ENABLE_OBJC_ARC = YES;
				CLANG_ENABLE_OBJC_WEAK = YES;
				CLANG_WARN_BLOCK_CAPTURE_AUTORELEASING = YES;
				CLANG_WARN_BOOL_CONVERSION = YES;
				CLANG_WARN_COMMA = YES;
				CLANG_WARN_CONSTANT_CONVERSION = YES;
				CLANG_WARN_DEPRECATED_OBJC_IMPLEMENTATIONS = YES;
				CLANG_WARN_DIRECT_OBJC_ISA_USAGE = YES_ERROR;
				CLANG_WARN_DOCUMENTATION_COMMENTS = YES;
				CLANG_WARN_EMPTY_BODY = YES;
				CLANG_WARN_ENUM_CONVERSION = YES;
				CLANG_WARN_INFINITE_RECURSION = YES;
				CLANG_WARN_INT_CONVERSION = YES;
				CLANG_WARN_NON_LITERAL_NULL_CONVERSION = YES;
				CLANG_WARN_OBJC_IMPLICIT_RETAIN_SELF = YES;
				CLANG_WARN_OBJC_LITERAL_CONVERSION = YES;
				CLANG_WARN_OBJC_ROOT_CLASS = YES_ERROR;
				CLANG_WARN_QUOTED_INCLUDE_IN_FRAMEWORK_HEADER = YES;
				CLANG_WARN_RANGE_LOOP_ANALYSIS = YES;
				CLANG_WARN_STRICT_PROTOTYPES = YES;
				CLANG_WARN_SUSPICIOUS_MOVE = YES;
				CLANG_WARN_UNGUARDED_AVAILABILITY = YES_AGGRESSIVE;
				CLANG_WARN_UNREACHABLE_CODE = YES;
				CLANG_WARN__DUPLICATE_METHOD_MATCH = YES;
				COPY_PHASE_STRIP = NO;
				DEBUG_INFORMATION_FORMAT = "dwarf-with-dsym";
				ENABLE_NS_ASSERTIONS = NO;
				ENABLE_STRICT_OBJC_MSGSEND = YES;
				GCC_C_LANGUAGE_STANDARD = gnu11;
				GCC_NO_COMMON_BLOCKS = YES;
				GCC_WARN_64_TO_32_BIT_CONVERSION = YES;
				GCC_WARN_ABOUT_RETURN_TYPE = YES_ERROR;
				GCC_WARN_UNDECLARED_SELECTOR = YES;
				GCC_WARN_UNINITIALIZED_AUTOS = YES_AGGRESSIVE;
				GCC_WARN_UNUSED_FUNCTION = YES;
				GCC_WARN_UNUSED_VARIABLE = YES;
				IPHONEOS_DEPLOYMENT_TARGET = 14.4;
				MTL_ENABLE_DEBUG_INFO = NO;
				MTL_FAST_MATH = YES;
				SDKROOT = iphoneos;
				SWIFT_COMPILATION_MODE = wholemodule;
				SWIFT_OPTIMIZATION_LEVEL = "-O";
				VALIDATE_PRODUCT = YES;
			};
			name = Release;
		};
		D6DC2C9D264D2EA4008C6A72 /* Debug */ = {
			isa = XCBuildConfiguration;
			baseConfigurationReference = E07A8BAAAD235A1B15F90530 /* Pods-PIG.debug.xcconfig */;
			buildSettings = {
				ASSETCATALOG_COMPILER_APPICON_NAME = AppIcon;
				ASSETCATALOG_COMPILER_GLOBAL_ACCENT_COLOR_NAME = AccentColor;
				CODE_SIGN_STYLE = Automatic;
				DEVELOPMENT_ASSET_PATHS = "\"PIG/Preview Content\"";
				ENABLE_PREVIEWS = YES;
				INFOPLIST_FILE = PIG/Info.plist;
				IPHONEOS_DEPLOYMENT_TARGET = 14.0;
				LD_RUNPATH_SEARCH_PATHS = (
					"$(inherited)",
					"@executable_path/Frameworks",
				);
				PRODUCT_BUNDLE_IDENTIFIER = Ari.PIG;
				PRODUCT_NAME = "$(TARGET_NAME)";
				SWIFT_VERSION = 5.0;
				TARGETED_DEVICE_FAMILY = "1,2";
			};
			name = Debug;
		};
		D6DC2C9E264D2EA4008C6A72 /* Release */ = {
			isa = XCBuildConfiguration;
			baseConfigurationReference = 6C6005264F1773B1E2BCF33A /* Pods-PIG.release.xcconfig */;
			buildSettings = {
				ASSETCATALOG_COMPILER_APPICON_NAME = AppIcon;
				ASSETCATALOG_COMPILER_GLOBAL_ACCENT_COLOR_NAME = AccentColor;
				CODE_SIGN_STYLE = Automatic;
				DEVELOPMENT_ASSET_PATHS = "\"PIG/Preview Content\"";
				ENABLE_PREVIEWS = YES;
				INFOPLIST_FILE = PIG/Info.plist;
				IPHONEOS_DEPLOYMENT_TARGET = 14.0;
				LD_RUNPATH_SEARCH_PATHS = (
					"$(inherited)",
					"@executable_path/Frameworks",
				);
				PRODUCT_BUNDLE_IDENTIFIER = Ari.PIG;
				PRODUCT_NAME = "$(TARGET_NAME)";
				SWIFT_VERSION = 5.0;
				TARGETED_DEVICE_FAMILY = "1,2";
			};
			name = Release;
		};
		D6DC2CA0264D2EA4008C6A72 /* Debug */ = {
			isa = XCBuildConfiguration;
			baseConfigurationReference = B3447A112A3CF239AB8E22DA /* Pods-PIGTests.debug.xcconfig */;
			buildSettings = {
				ALWAYS_EMBED_SWIFT_STANDARD_LIBRARIES = YES;
				BUNDLE_LOADER = "$(TEST_HOST)";
				CODE_SIGN_STYLE = Automatic;
				INFOPLIST_FILE = PIGTests/Info.plist;
				IPHONEOS_DEPLOYMENT_TARGET = 14.0;
				LD_RUNPATH_SEARCH_PATHS = (
					"$(inherited)",
					"@executable_path/Frameworks",
					"@loader_path/Frameworks",
				);
				PRODUCT_BUNDLE_IDENTIFIER = Ari.PIGTests;
				PRODUCT_NAME = "$(TARGET_NAME)";
				SWIFT_VERSION = 5.0;
				TARGETED_DEVICE_FAMILY = "1,2";
				TEST_HOST = "$(BUILT_PRODUCTS_DIR)/PIG.app/PIG";
			};
			name = Debug;
		};
		D6DC2CA1264D2EA4008C6A72 /* Release */ = {
			isa = XCBuildConfiguration;
			baseConfigurationReference = 6E74DAB7845EEA4D8C2AB564 /* Pods-PIGTests.release.xcconfig */;
			buildSettings = {
				ALWAYS_EMBED_SWIFT_STANDARD_LIBRARIES = YES;
				BUNDLE_LOADER = "$(TEST_HOST)";
				CODE_SIGN_STYLE = Automatic;
				INFOPLIST_FILE = PIGTests/Info.plist;
				IPHONEOS_DEPLOYMENT_TARGET = 14.0;
				LD_RUNPATH_SEARCH_PATHS = (
					"$(inherited)",
					"@executable_path/Frameworks",
					"@loader_path/Frameworks",
				);
				PRODUCT_BUNDLE_IDENTIFIER = Ari.PIGTests;
				PRODUCT_NAME = "$(TARGET_NAME)";
				SWIFT_VERSION = 5.0;
				TARGETED_DEVICE_FAMILY = "1,2";
				TEST_HOST = "$(BUILT_PRODUCTS_DIR)/PIG.app/PIG";
			};
			name = Release;
		};
		D6DC2CA3264D2EA4008C6A72 /* Debug */ = {
			isa = XCBuildConfiguration;
			baseConfigurationReference = 13DC6C9569CF8C9FB2D2DF78 /* Pods-PIG-PIGUITests.debug.xcconfig */;
			buildSettings = {
				ALWAYS_EMBED_SWIFT_STANDARD_LIBRARIES = YES;
				CODE_SIGN_STYLE = Automatic;
				INFOPLIST_FILE = PIGUITests/Info.plist;
				LD_RUNPATH_SEARCH_PATHS = (
					"$(inherited)",
					"@executable_path/Frameworks",
					"@loader_path/Frameworks",
				);
				PRODUCT_BUNDLE_IDENTIFIER = Ari.PIGUITests;
				PRODUCT_NAME = "$(TARGET_NAME)";
				SWIFT_VERSION = 5.0;
				TARGETED_DEVICE_FAMILY = "1,2";
				TEST_TARGET_NAME = PIG;
			};
			name = Debug;
		};
		D6DC2CA4264D2EA4008C6A72 /* Release */ = {
			isa = XCBuildConfiguration;
			baseConfigurationReference = C8A96D309BC6D173767ECF7E /* Pods-PIG-PIGUITests.release.xcconfig */;
			buildSettings = {
				ALWAYS_EMBED_SWIFT_STANDARD_LIBRARIES = YES;
				CODE_SIGN_STYLE = Automatic;
				INFOPLIST_FILE = PIGUITests/Info.plist;
				LD_RUNPATH_SEARCH_PATHS = (
					"$(inherited)",
					"@executable_path/Frameworks",
					"@loader_path/Frameworks",
				);
				PRODUCT_BUNDLE_IDENTIFIER = Ari.PIGUITests;
				PRODUCT_NAME = "$(TARGET_NAME)";
				SWIFT_VERSION = 5.0;
				TARGETED_DEVICE_FAMILY = "1,2";
				TEST_TARGET_NAME = PIG;
			};
			name = Release;
		};
/* End XCBuildConfiguration section */

/* Begin XCConfigurationList section */
		D6DC2C72264D2E9D008C6A72 /* Build configuration list for PBXProject "PIG" */ = {
			isa = XCConfigurationList;
			buildConfigurations = (
				D6DC2C9A264D2EA4008C6A72 /* Debug */,
				D6DC2C9B264D2EA4008C6A72 /* Release */,
			);
			defaultConfigurationIsVisible = 0;
			defaultConfigurationName = Release;
		};
		D6DC2C9C264D2EA4008C6A72 /* Build configuration list for PBXNativeTarget "PIG" */ = {
			isa = XCConfigurationList;
			buildConfigurations = (
				D6DC2C9D264D2EA4008C6A72 /* Debug */,
				D6DC2C9E264D2EA4008C6A72 /* Release */,
			);
			defaultConfigurationIsVisible = 0;
			defaultConfigurationName = Release;
		};
		D6DC2C9F264D2EA4008C6A72 /* Build configuration list for PBXNativeTarget "PIGTests" */ = {
			isa = XCConfigurationList;
			buildConfigurations = (
				D6DC2CA0264D2EA4008C6A72 /* Debug */,
				D6DC2CA1264D2EA4008C6A72 /* Release */,
			);
			defaultConfigurationIsVisible = 0;
			defaultConfigurationName = Release;
		};
		D6DC2CA2264D2EA4008C6A72 /* Build configuration list for PBXNativeTarget "PIGUITests" */ = {
			isa = XCConfigurationList;
			buildConfigurations = (
				D6DC2CA3264D2EA4008C6A72 /* Debug */,
				D6DC2CA4264D2EA4008C6A72 /* Release */,
			);
			defaultConfigurationIsVisible = 0;
			defaultConfigurationName = Release;
		};
/* End XCConfigurationList section */

/* Begin XCRemoteSwiftPackageReference section */
		D612F6272659478700914C0E /* XCRemoteSwiftPackageReference "WrappingHStack" */ = {
			isa = XCRemoteSwiftPackageReference;
			repositoryURL = "https://github.com/dkk/WrappingHStack";
			requirement = {
				kind = upToNextMajorVersion;
				minimumVersion = 2.1.1;
			};
		};
/* End XCRemoteSwiftPackageReference section */

/* Begin XCSwiftPackageProductDependency section */
		D612F6282659478700914C0E /* WrappingHStack */ = {
			isa = XCSwiftPackageProductDependency;
			package = D612F6272659478700914C0E /* XCRemoteSwiftPackageReference "WrappingHStack" */;
			productName = WrappingHStack;
		};
/* End XCSwiftPackageProductDependency section */
	};
	rootObject = D6DC2C6F264D2E9D008C6A72 /* Project object */;
}
